// !$*UTF8*$!
{
	archiveVersion = 1;
	classes = {
	};
	objectVersion = 56;
	objects = {

/* Begin PBXBuildFile section */
		0A3EE97A2B98A55400206B1F /* UIViewController_Navigator.swift in Sources */ = {isa = PBXBuildFile; fileRef = 0A3EE9792B98A55400206B1F /* UIViewController_Navigator.swift */; };
		0A534A012A54521B00EDA4BF /* Comb.swift in Sources */ = {isa = PBXBuildFile; fileRef = 0A5349052A54521A00EDA4BF /* Comb.swift */; };
		0A534A022A54521B00EDA4BF /* ControlEvent.swift in Sources */ = {isa = PBXBuildFile; fileRef = 0A5349062A54521A00EDA4BF /* ControlEvent.swift */; };
		0A534A032A54521B00EDA4BF /* ControlProperty.swift in Sources */ = {isa = PBXBuildFile; fileRef = 0A5349072A54521A00EDA4BF /* ControlProperty.swift */; };
		0A534A052A54521B00EDA4BF /* CombineExt.swift in Sources */ = {isa = PBXBuildFile; fileRef = 0A5349092A54521A00EDA4BF /* CombineExt.swift */; };
		0A534A062A54521B00EDA4BF /* Setted.swift in Sources */ = {isa = PBXBuildFile; fileRef = 0A53490A2A54521A00EDA4BF /* Setted.swift */; };
		0A534A092A54521B00EDA4BF /* UserOptions.swift in Sources */ = {isa = PBXBuildFile; fileRef = 0A53490F2A54521A00EDA4BF /* UserOptions.swift */; };
		0A534A0A2A54521B00EDA4BF /* AppOptions.swift in Sources */ = {isa = PBXBuildFile; fileRef = 0A5349102A54521A00EDA4BF /* AppOptions.swift */; };
		0A534A0E2A54521B00EDA4BF /* UserCache.swift in Sources */ = {isa = PBXBuildFile; fileRef = 0A5349162A54521A00EDA4BF /* UserCache.swift */; };
		0A534A112A54521B00EDA4BF /* Cache.swift in Sources */ = {isa = PBXBuildFile; fileRef = 0A5349192A54521A00EDA4BF /* Cache.swift */; };
		0A534A122A54521B00EDA4BF /* AppCache.swift in Sources */ = {isa = PBXBuildFile; fileRef = 0A53491A2A54521A00EDA4BF /* AppCache.swift */; };
		0A534A132A54521B00EDA4BF /* AnyModel.swift in Sources */ = {isa = PBXBuildFile; fileRef = 0A53491C2A54521A00EDA4BF /* AnyModel.swift */; };
		0A534A142A54521B00EDA4BF /* UserModel.swift in Sources */ = {isa = PBXBuildFile; fileRef = 0A53491D2A54521A00EDA4BF /* UserModel.swift */; };
		0A534A162A54521B00EDA4BF /* HttpLogger.swift in Sources */ = {isa = PBXBuildFile; fileRef = 0A5349202A54521A00EDA4BF /* HttpLogger.swift */; };
		0A534A172A54521B00EDA4BF /* MainHTTP.swift in Sources */ = {isa = PBXBuildFile; fileRef = 0A5349212A54521A00EDA4BF /* MainHTTP.swift */; };
		0A534A192A54521B00EDA4BF /* HttpError.swift in Sources */ = {isa = PBXBuildFile; fileRef = 0A5349232A54521A00EDA4BF /* HttpError.swift */; };
		0A534A1D2A54521B00EDA4BF /* HttpManager.swift in Sources */ = {isa = PBXBuildFile; fileRef = 0A5349272A54521A00EDA4BF /* HttpManager.swift */; };
		0A534A1E2A54521B00EDA4BF /* NetworkMonitor.swift in Sources */ = {isa = PBXBuildFile; fileRef = 0A5349282A54521A00EDA4BF /* NetworkMonitor.swift */; };
		0A534A1F2A54521B00EDA4BF /* AccountManager.swift in Sources */ = {isa = PBXBuildFile; fileRef = 0A53492A2A54521A00EDA4BF /* AccountManager.swift */; };
		0A534A202A54521B00EDA4BF /* CommonConfiger.swift in Sources */ = {isa = PBXBuildFile; fileRef = 0A53492B2A54521A00EDA4BF /* CommonConfiger.swift */; };
		0A534A212A54521B00EDA4BF /* Modhub.swift in Sources */ = {isa = PBXBuildFile; fileRef = 0A53492E2A54521A00EDA4BF /* Modhub.swift */; };
		0A534A222A54521B00EDA4BF /* HomePageService.swift in Sources */ = {isa = PBXBuildFile; fileRef = 0A53492F2A54521A00EDA4BF /* HomePageService.swift */; };
		0A534A232A54521B00EDA4BF /* HuaSuanService.swift in Sources */ = {isa = PBXBuildFile; fileRef = 0A5349302A54521A00EDA4BF /* HuaSuanService.swift */; };
		0A534A242A54521B00EDA4BF /* ShopCarService.swift in Sources */ = {isa = PBXBuildFile; fileRef = 0A5349312A54521A00EDA4BF /* ShopCarService.swift */; };
		0A534A252A54521B00EDA4BF /* UserCenterService.swift in Sources */ = {isa = PBXBuildFile; fileRef = 0A5349322A54521A00EDA4BF /* UserCenterService.swift */; };
		0A534A262A54521B00EDA4BF /* Navigator.swift in Sources */ = {isa = PBXBuildFile; fileRef = 0A5349342A54521A00EDA4BF /* Navigator.swift */; };
		0A534A272A54521B00EDA4BF /* Route.swift in Sources */ = {isa = PBXBuildFile; fileRef = 0A5349352A54521A00EDA4BF /* Route.swift */; };
		0A534A2B2A54521B00EDA4BF /* Navbar.swift in Sources */ = {isa = PBXBuildFile; fileRef = 0A53493B2A54521A00EDA4BF /* Navbar.swift */; };
		0A534A2D2A54521B00EDA4BF /* Alert.swift in Sources */ = {isa = PBXBuildFile; fileRef = 0A53493E2A54521A00EDA4BF /* Alert.swift */; };
		0A534A2E2A54521B00EDA4BF /* Hover.swift in Sources */ = {isa = PBXBuildFile; fileRef = 0A53493F2A54521A00EDA4BF /* Hover.swift */; };
		0A534A2F2A54521B00EDA4BF /* Hud.swift in Sources */ = {isa = PBXBuildFile; fileRef = 0A5349402A54521A00EDA4BF /* Hud.swift */; };
		0A534A302A54521B00EDA4BF /* Drop.swift in Sources */ = {isa = PBXBuildFile; fileRef = 0A5349412A54521A00EDA4BF /* Drop.swift */; };
		0A534A312A54521B00EDA4BF /* LanguageManager.swift in Sources */ = {isa = PBXBuildFile; fileRef = 0A5349432A54521A00EDA4BF /* LanguageManager.swift */; };
		0A534A322A54521B00EDA4BF /* ChangeExt.swift in Sources */ = {isa = PBXBuildFile; fileRef = 0A5349442A54521A00EDA4BF /* ChangeExt.swift */; };
		0A534A332A54521B00EDA4BF /* ThemeManager.swift in Sources */ = {isa = PBXBuildFile; fileRef = 0A5349452A54521A00EDA4BF /* ThemeManager.swift */; };
		0A534A342A54521B00EDA4BF /* Change.swift in Sources */ = {isa = PBXBuildFile; fileRef = 0A5349462A54521A00EDA4BF /* Change.swift */; };
		0A534A352A54521B00EDA4BF /* TextLimiter.swift in Sources */ = {isa = PBXBuildFile; fileRef = 0A5349482A54521A00EDA4BF /* TextLimiter.swift */; };
		0A534A362A54521B00EDA4BF /* KeyboardAvoiding.swift in Sources */ = {isa = PBXBuildFile; fileRef = 0A5349492A54521A00EDA4BF /* KeyboardAvoiding.swift */; };
		0A534A372A54521B00EDA4BF /* StateErrorView.swift in Sources */ = {isa = PBXBuildFile; fileRef = 0A53494B2A54521A00EDA4BF /* StateErrorView.swift */; };
		0A534A382A54521B00EDA4BF /* StateView.swift in Sources */ = {isa = PBXBuildFile; fileRef = 0A53494C2A54521A00EDA4BF /* StateView.swift */; };
		0A534A392A54521B00EDA4BF /* StateLoadingView.swift in Sources */ = {isa = PBXBuildFile; fileRef = 0A53494D2A54521A00EDA4BF /* StateLoadingView.swift */; };
		0A534A3A2A54521B00EDA4BF /* StateEmptyView.swift in Sources */ = {isa = PBXBuildFile; fileRef = 0A53494E2A54521A00EDA4BF /* StateEmptyView.swift */; };
		0A534A3B2A54521B00EDA4BF /* Fonts.swift in Sources */ = {isa = PBXBuildFile; fileRef = 0A53494F2A54521A00EDA4BF /* Fonts.swift */; };
		0A534A3C2A54521B00EDA4BF /* Colors.swift in Sources */ = {isa = PBXBuildFile; fileRef = 0A5349502A54521A00EDA4BF /* Colors.swift */; };
		0A534A3D2A54521B00EDA4BF /* WebViewController.swift in Sources */ = {isa = PBXBuildFile; fileRef = 0A5349522A54521A00EDA4BF /* WebViewController.swift */; };
		0A534A3E2A54521B00EDA4BF /* NavigationController.swift in Sources */ = {isa = PBXBuildFile; fileRef = 0A5349532A54521A00EDA4BF /* NavigationController.swift */; };
		0A534A3F2A54521B00EDA4BF /* Stylabel.swift in Sources */ = {isa = PBXBuildFile; fileRef = 0A5349552A54521A00EDA4BF /* Stylabel.swift */; };
		0A534A402A54521B00EDA4BF /* UIScrollView_Spinner.swift in Sources */ = {isa = PBXBuildFile; fileRef = 0A5349562A54521A00EDA4BF /* UIScrollView_Spinner.swift */; };
		0A534A412A54521B00EDA4BF /* UIButton_Style.swift in Sources */ = {isa = PBXBuildFile; fileRef = 0A5349572A54521A00EDA4BF /* UIButton_Style.swift */; };
		0A534A422A54521B00EDA4BF /* UITableView_Header.swift in Sources */ = {isa = PBXBuildFile; fileRef = 0A5349582A54521A00EDA4BF /* UITableView_Header.swift */; };
		0A534A432A54521B00EDA4BF /* UIScrollView_Container.swift in Sources */ = {isa = PBXBuildFile; fileRef = 0A5349592A54521A00EDA4BF /* UIScrollView_Container.swift */; };
		0A534A452A54521B00EDA4BF /* Checkbox.swift in Sources */ = {isa = PBXBuildFile; fileRef = 0A53495B2A54521A00EDA4BF /* Checkbox.swift */; };
		0A534A462A54521B00EDA4BF /* BaseViewController.swift in Sources */ = {isa = PBXBuildFile; fileRef = 0A53495D2A54521A00EDA4BF /* BaseViewController.swift */; };
		0A534A472A54521B00EDA4BF /* BaseTableViewCell.swift in Sources */ = {isa = PBXBuildFile; fileRef = 0A53495E2A54521A00EDA4BF /* BaseTableViewCell.swift */; };
		0A534A492A54521B00EDA4BF /* BaseCollectionViewCell.swift in Sources */ = {isa = PBXBuildFile; fileRef = 0A5349602A54521A00EDA4BF /* BaseCollectionViewCell.swift */; };
		0A534A4A2A54521B00EDA4BF /* BaseControl.swift in Sources */ = {isa = PBXBuildFile; fileRef = 0A5349612A54521A00EDA4BF /* BaseControl.swift */; };
		0A534A4B2A54521B00EDA4BF /* BaseView.swift in Sources */ = {isa = PBXBuildFile; fileRef = 0A5349622A54521A00EDA4BF /* BaseView.swift */; };
		0A534A502A54521B00EDA4BF /* Metric.swift in Sources */ = {isa = PBXBuildFile; fileRef = 0A5349692A54521A00EDA4BF /* Metric.swift */; };
		0A534A512A54521B00EDA4BF /* Serialize.swift in Sources */ = {isa = PBXBuildFile; fileRef = 0A53496A2A54521A00EDA4BF /* Serialize.swift */; };
		0A534A522A54521B00EDA4BF /* UIColorExt.swift in Sources */ = {isa = PBXBuildFile; fileRef = 0A53496B2A54521A00EDA4BF /* UIColorExt.swift */; };
		0A534A532A54521B00EDA4BF /* StringExt.swift in Sources */ = {isa = PBXBuildFile; fileRef = 0A53496C2A54521A00EDA4BF /* StringExt.swift */; };
		0A534A552A54521B00EDA4BF /* ThirdExt.swift in Sources */ = {isa = PBXBuildFile; fileRef = 0A53496E2A54521A00EDA4BF /* ThirdExt.swift */; };
		0A534A572A54521B00EDA4BF /* Codec.swift in Sources */ = {isa = PBXBuildFile; fileRef = 0A5349702A54521A00EDA4BF /* Codec.swift */; };
		0A534A582A54521B00EDA4BF /* UIViewExt.swift in Sources */ = {isa = PBXBuildFile; fileRef = 0A5349712A54521A00EDA4BF /* UIViewExt.swift */; };
		0A534A5A2A54521B00EDA4BF /* CollectionExt.swift in Sources */ = {isa = PBXBuildFile; fileRef = 0A5349732A54521A00EDA4BF /* CollectionExt.swift */; };
		0A534A5B2A54521B00EDA4BF /* Uncat.swift in Sources */ = {isa = PBXBuildFile; fileRef = 0A5349742A54521A00EDA4BF /* Uncat.swift */; };
		0A534A5C2A54521B00EDA4BF /* Path.swift in Sources */ = {isa = PBXBuildFile; fileRef = 0A5349752A54521A00EDA4BF /* Path.swift */; };
		0A534A5D2A54521B00EDA4BF /* Num.swift in Sources */ = {isa = PBXBuildFile; fileRef = 0A5349762A54521A00EDA4BF /* Num.swift */; };
		0A534A5E2A54521B00EDA4BF /* Defaults.swift in Sources */ = {isa = PBXBuildFile; fileRef = 0A5349772A54521A00EDA4BF /* Defaults.swift */; };
		0A534A5F2A54521B00EDA4BF /* Types.swift in Sources */ = {isa = PBXBuildFile; fileRef = 0A5349782A54521A00EDA4BF /* Types.swift */; };
		0A534A602A54521B00EDA4BF /* Datetime.swift in Sources */ = {isa = PBXBuildFile; fileRef = 0A5349792A54521A00EDA4BF /* Datetime.swift */; };
		0A534A612A54521B00EDA4BF /* Utils.swift in Sources */ = {isa = PBXBuildFile; fileRef = 0A53497A2A54521A00EDA4BF /* Utils.swift */; };
		0A534A632A54521B00EDA4BF /* com.strings in Resources */ = {isa = PBXBuildFile; fileRef = 0A53497D2A54521B00EDA4BF /* com.strings */; };
		0A534A642A54521B00EDA4BF /* shared.strings in Resources */ = {isa = PBXBuildFile; fileRef = 0A53497F2A54521B00EDA4BF /* shared.strings */; };
		0A534ADD2A54521B00EDA4BF /* Assets.xcassets in Resources */ = {isa = PBXBuildFile; fileRef = 0A5349FC2A54521B00EDA4BF /* Assets.xcassets */; };
		0A534ADE2A54521B00EDA4BF /* SharedRes.swift in Sources */ = {isa = PBXBuildFile; fileRef = 0A5349FF2A54521B00EDA4BF /* SharedRes.swift */; };
		0A534ADF2A54521B00EDA4BF /* R.generated.swift in Sources */ = {isa = PBXBuildFile; fileRef = 0A534A002A54521B00EDA4BF /* R.generated.swift */; };
		0A534AE12A54524E00EDA4BF /* refresh in Resources */ = {isa = PBXBuildFile; fileRef = 0A534AE02A54524E00EDA4BF /* refresh */; };
		0A98D7CF2C91731800308F47 /* HttpProp.swift in Sources */ = {isa = PBXBuildFile; fileRef = 0A98D7CE2C91731800308F47 /* HttpProp.swift */; };
		0AEB1CCB2A9766C800A7BC3E /* GestureRecognizer.swift in Sources */ = {isa = PBXBuildFile; fileRef = 0AEB1CCA2A9766C800A7BC3E /* GestureRecognizer.swift */; };
		0AEDBF7E2D607C7C0047C478 /* UIImageExt.swift in Sources */ = {isa = PBXBuildFile; fileRef = 0AEDBF7D2D607C770047C478 /* UIImageExt.swift */; };
		253548F42CF85ABA00471D54 /* BaseStackView.swift in Sources */ = {isa = PBXBuildFile; fileRef = 253548F32CF85ABA00471D54 /* BaseStackView.swift */; };
		253548F62CF85C2A00471D54 /* Infoline.swift in Sources */ = {isa = PBXBuildFile; fileRef = 253548F52CF85C2A00471D54 /* Infoline.swift */; };
		253548FC2CF866C800471D54 /* UtilsView.swift in Sources */ = {isa = PBXBuildFile; fileRef = 253548FB2CF866C800471D54 /* UtilsView.swift */; };
		660F916C8B655F96A089A030 /* Pods_ModCommon.framework in Frameworks */ = {isa = PBXBuildFile; fileRef = 0C1351727CE60ACA703DC80F /* Pods_ModCommon.framework */; };
/* End PBXBuildFile section */

/* Begin PBXFileReference section */
		0A3EE9792B98A55400206B1F /* UIViewController_Navigator.swift */ = {isa = PBXFileReference; lastKnownFileType = sourcecode.swift; path = UIViewController_Navigator.swift; sourceTree = "<group>"; };
		0A53487A2A544E4B00EDA4BF /* ModCommon.framework */ = {isa = PBXFileReference; explicitFileType = wrapper.framework; includeInIndex = 0; path = ModCommon.framework; sourceTree = BUILT_PRODUCTS_DIR; };
		0A5349052A54521A00EDA4BF /* Comb.swift */ = {isa = PBXFileReference; fileEncoding = 4; lastKnownFileType = sourcecode.swift; path = Comb.swift; sourceTree = "<group>"; };
		0A5349062A54521A00EDA4BF /* ControlEvent.swift */ = {isa = PBXFileReference; fileEncoding = 4; lastKnownFileType = sourcecode.swift; path = ControlEvent.swift; sourceTree = "<group>"; };
		0A5349072A54521A00EDA4BF /* ControlProperty.swift */ = {isa = PBXFileReference; fileEncoding = 4; lastKnownFileType = sourcecode.swift; path = ControlProperty.swift; sourceTree = "<group>"; };
		0A5349092A54521A00EDA4BF /* CombineExt.swift */ = {isa = PBXFileReference; fileEncoding = 4; lastKnownFileType = sourcecode.swift; path = CombineExt.swift; sourceTree = "<group>"; };
		0A53490A2A54521A00EDA4BF /* Setted.swift */ = {isa = PBXFileReference; fileEncoding = 4; lastKnownFileType = sourcecode.swift; path = Setted.swift; sourceTree = "<group>"; };
		0A53490F2A54521A00EDA4BF /* UserOptions.swift */ = {isa = PBXFileReference; fileEncoding = 4; lastKnownFileType = sourcecode.swift; path = UserOptions.swift; sourceTree = "<group>"; };
		0A5349102A54521A00EDA4BF /* AppOptions.swift */ = {isa = PBXFileReference; fileEncoding = 4; lastKnownFileType = sourcecode.swift; path = AppOptions.swift; sourceTree = "<group>"; };
		0A5349162A54521A00EDA4BF /* UserCache.swift */ = {isa = PBXFileReference; fileEncoding = 4; lastKnownFileType = sourcecode.swift; path = UserCache.swift; sourceTree = "<group>"; };
		0A5349192A54521A00EDA4BF /* Cache.swift */ = {isa = PBXFileReference; fileEncoding = 4; lastKnownFileType = sourcecode.swift; path = Cache.swift; sourceTree = "<group>"; };
		0A53491A2A54521A00EDA4BF /* AppCache.swift */ = {isa = PBXFileReference; fileEncoding = 4; lastKnownFileType = sourcecode.swift; path = AppCache.swift; sourceTree = "<group>"; };
		0A53491C2A54521A00EDA4BF /* AnyModel.swift */ = {isa = PBXFileReference; fileEncoding = 4; lastKnownFileType = sourcecode.swift; path = AnyModel.swift; sourceTree = "<group>"; };
		0A53491D2A54521A00EDA4BF /* UserModel.swift */ = {isa = PBXFileReference; fileEncoding = 4; lastKnownFileType = sourcecode.swift; path = UserModel.swift; sourceTree = "<group>"; };
		0A5349202A54521A00EDA4BF /* HttpLogger.swift */ = {isa = PBXFileReference; fileEncoding = 4; lastKnownFileType = sourcecode.swift; path = HttpLogger.swift; sourceTree = "<group>"; };
		0A5349212A54521A00EDA4BF /* MainHTTP.swift */ = {isa = PBXFileReference; fileEncoding = 4; lastKnownFileType = sourcecode.swift; path = MainHTTP.swift; sourceTree = "<group>"; };
		0A5349232A54521A00EDA4BF /* HttpError.swift */ = {isa = PBXFileReference; fileEncoding = 4; lastKnownFileType = sourcecode.swift; path = HttpError.swift; sourceTree = "<group>"; };
		0A5349272A54521A00EDA4BF /* HttpManager.swift */ = {isa = PBXFileReference; fileEncoding = 4; lastKnownFileType = sourcecode.swift; path = HttpManager.swift; sourceTree = "<group>"; };
		0A5349282A54521A00EDA4BF /* NetworkMonitor.swift */ = {isa = PBXFileReference; fileEncoding = 4; lastKnownFileType = sourcecode.swift; path = NetworkMonitor.swift; sourceTree = "<group>"; };
		0A53492A2A54521A00EDA4BF /* AccountManager.swift */ = {isa = PBXFileReference; fileEncoding = 4; lastKnownFileType = sourcecode.swift; path = AccountManager.swift; sourceTree = "<group>"; };
		0A53492B2A54521A00EDA4BF /* CommonConfiger.swift */ = {isa = PBXFileReference; fileEncoding = 4; lastKnownFileType = sourcecode.swift; path = CommonConfiger.swift; sourceTree = "<group>"; };
		0A53492E2A54521A00EDA4BF /* Modhub.swift */ = {isa = PBXFileReference; fileEncoding = 4; lastKnownFileType = sourcecode.swift; path = Modhub.swift; sourceTree = "<group>"; };
		0A53492F2A54521A00EDA4BF /* HomePageService.swift */ = {isa = PBXFileReference; fileEncoding = 4; lastKnownFileType = sourcecode.swift; path = HomePageService.swift; sourceTree = "<group>"; };
		0A5349302A54521A00EDA4BF /* HuaSuanService.swift */ = {isa = PBXFileReference; fileEncoding = 4; lastKnownFileType = sourcecode.swift; path = HuaSuanService.swift; sourceTree = "<group>"; };
		0A5349312A54521A00EDA4BF /* ShopCarService.swift */ = {isa = PBXFileReference; fileEncoding = 4; lastKnownFileType = sourcecode.swift; path = ShopCarService.swift; sourceTree = "<group>"; };
		0A5349322A54521A00EDA4BF /* UserCenterService.swift */ = {isa = PBXFileReference; fileEncoding = 4; lastKnownFileType = sourcecode.swift; path = UserCenterService.swift; sourceTree = "<group>"; };
		0A5349342A54521A00EDA4BF /* Navigator.swift */ = {isa = PBXFileReference; fileEncoding = 4; lastKnownFileType = sourcecode.swift; path = Navigator.swift; sourceTree = "<group>"; };
		0A5349352A54521A00EDA4BF /* Route.swift */ = {isa = PBXFileReference; fileEncoding = 4; lastKnownFileType = sourcecode.swift; path = Route.swift; sourceTree = "<group>"; };
		0A53493B2A54521A00EDA4BF /* Navbar.swift */ = {isa = PBXFileReference; fileEncoding = 4; lastKnownFileType = sourcecode.swift; path = Navbar.swift; sourceTree = "<group>"; };
		0A53493E2A54521A00EDA4BF /* Alert.swift */ = {isa = PBXFileReference; fileEncoding = 4; lastKnownFileType = sourcecode.swift; path = Alert.swift; sourceTree = "<group>"; };
		0A53493F2A54521A00EDA4BF /* Hover.swift */ = {isa = PBXFileReference; fileEncoding = 4; lastKnownFileType = sourcecode.swift; path = Hover.swift; sourceTree = "<group>"; };
		0A5349402A54521A00EDA4BF /* Hud.swift */ = {isa = PBXFileReference; fileEncoding = 4; lastKnownFileType = sourcecode.swift; path = Hud.swift; sourceTree = "<group>"; };
		0A5349412A54521A00EDA4BF /* Drop.swift */ = {isa = PBXFileReference; fileEncoding = 4; lastKnownFileType = sourcecode.swift; path = Drop.swift; sourceTree = "<group>"; };
		0A5349432A54521A00EDA4BF /* LanguageManager.swift */ = {isa = PBXFileReference; fileEncoding = 4; lastKnownFileType = sourcecode.swift; path = LanguageManager.swift; sourceTree = "<group>"; };
		0A5349442A54521A00EDA4BF /* ChangeExt.swift */ = {isa = PBXFileReference; fileEncoding = 4; lastKnownFileType = sourcecode.swift; path = ChangeExt.swift; sourceTree = "<group>"; };
		0A5349452A54521A00EDA4BF /* ThemeManager.swift */ = {isa = PBXFileReference; fileEncoding = 4; lastKnownFileType = sourcecode.swift; path = ThemeManager.swift; sourceTree = "<group>"; };
		0A5349462A54521A00EDA4BF /* Change.swift */ = {isa = PBXFileReference; fileEncoding = 4; lastKnownFileType = sourcecode.swift; path = Change.swift; sourceTree = "<group>"; };
		0A5349482A54521A00EDA4BF /* TextLimiter.swift */ = {isa = PBXFileReference; fileEncoding = 4; lastKnownFileType = sourcecode.swift; path = TextLimiter.swift; sourceTree = "<group>"; };
		0A5349492A54521A00EDA4BF /* KeyboardAvoiding.swift */ = {isa = PBXFileReference; fileEncoding = 4; lastKnownFileType = sourcecode.swift; path = KeyboardAvoiding.swift; sourceTree = "<group>"; };
		0A53494B2A54521A00EDA4BF /* StateErrorView.swift */ = {isa = PBXFileReference; fileEncoding = 4; lastKnownFileType = sourcecode.swift; path = StateErrorView.swift; sourceTree = "<group>"; };
		0A53494C2A54521A00EDA4BF /* StateView.swift */ = {isa = PBXFileReference; fileEncoding = 4; lastKnownFileType = sourcecode.swift; path = StateView.swift; sourceTree = "<group>"; };
		0A53494D2A54521A00EDA4BF /* StateLoadingView.swift */ = {isa = PBXFileReference; fileEncoding = 4; lastKnownFileType = sourcecode.swift; path = StateLoadingView.swift; sourceTree = "<group>"; };
		0A53494E2A54521A00EDA4BF /* StateEmptyView.swift */ = {isa = PBXFileReference; fileEncoding = 4; lastKnownFileType = sourcecode.swift; path = StateEmptyView.swift; sourceTree = "<group>"; };
		0A53494F2A54521A00EDA4BF /* Fonts.swift */ = {isa = PBXFileReference; fileEncoding = 4; lastKnownFileType = sourcecode.swift; path = Fonts.swift; sourceTree = "<group>"; };
		0A5349502A54521A00EDA4BF /* Colors.swift */ = {isa = PBXFileReference; fileEncoding = 4; lastKnownFileType = sourcecode.swift; path = Colors.swift; sourceTree = "<group>"; };
		0A5349522A54521A00EDA4BF /* WebViewController.swift */ = {isa = PBXFileReference; fileEncoding = 4; lastKnownFileType = sourcecode.swift; path = WebViewController.swift; sourceTree = "<group>"; };
		0A5349532A54521A00EDA4BF /* NavigationController.swift */ = {isa = PBXFileReference; fileEncoding = 4; lastKnownFileType = sourcecode.swift; path = NavigationController.swift; sourceTree = "<group>"; };
		0A5349552A54521A00EDA4BF /* Stylabel.swift */ = {isa = PBXFileReference; fileEncoding = 4; lastKnownFileType = sourcecode.swift; path = Stylabel.swift; sourceTree = "<group>"; };
		0A5349562A54521A00EDA4BF /* UIScrollView_Spinner.swift */ = {isa = PBXFileReference; fileEncoding = 4; lastKnownFileType = sourcecode.swift; path = UIScrollView_Spinner.swift; sourceTree = "<group>"; };
		0A5349572A54521A00EDA4BF /* UIButton_Style.swift */ = {isa = PBXFileReference; fileEncoding = 4; lastKnownFileType = sourcecode.swift; path = UIButton_Style.swift; sourceTree = "<group>"; };
		0A5349582A54521A00EDA4BF /* UITableView_Header.swift */ = {isa = PBXFileReference; fileEncoding = 4; lastKnownFileType = sourcecode.swift; path = UITableView_Header.swift; sourceTree = "<group>"; };
		0A5349592A54521A00EDA4BF /* UIScrollView_Container.swift */ = {isa = PBXFileReference; fileEncoding = 4; lastKnownFileType = sourcecode.swift; path = UIScrollView_Container.swift; sourceTree = "<group>"; };
		0A53495B2A54521A00EDA4BF /* Checkbox.swift */ = {isa = PBXFileReference; fileEncoding = 4; lastKnownFileType = sourcecode.swift; path = Checkbox.swift; sourceTree = "<group>"; };
		0A53495D2A54521A00EDA4BF /* BaseViewController.swift */ = {isa = PBXFileReference; fileEncoding = 4; lastKnownFileType = sourcecode.swift; path = BaseViewController.swift; sourceTree = "<group>"; };
		0A53495E2A54521A00EDA4BF /* BaseTableViewCell.swift */ = {isa = PBXFileReference; fileEncoding = 4; lastKnownFileType = sourcecode.swift; path = BaseTableViewCell.swift; sourceTree = "<group>"; };
		0A5349602A54521A00EDA4BF /* BaseCollectionViewCell.swift */ = {isa = PBXFileReference; fileEncoding = 4; lastKnownFileType = sourcecode.swift; path = BaseCollectionViewCell.swift; sourceTree = "<group>"; };
		0A5349612A54521A00EDA4BF /* BaseControl.swift */ = {isa = PBXFileReference; fileEncoding = 4; lastKnownFileType = sourcecode.swift; path = BaseControl.swift; sourceTree = "<group>"; };
		0A5349622A54521A00EDA4BF /* BaseView.swift */ = {isa = PBXFileReference; fileEncoding = 4; lastKnownFileType = sourcecode.swift; path = BaseView.swift; sourceTree = "<group>"; };
		0A5349692A54521A00EDA4BF /* Metric.swift */ = {isa = PBXFileReference; fileEncoding = 4; lastKnownFileType = sourcecode.swift; path = Metric.swift; sourceTree = "<group>"; };
		0A53496A2A54521A00EDA4BF /* Serialize.swift */ = {isa = PBXFileReference; fileEncoding = 4; lastKnownFileType = sourcecode.swift; path = Serialize.swift; sourceTree = "<group>"; };
		0A53496B2A54521A00EDA4BF /* UIColorExt.swift */ = {isa = PBXFileReference; fileEncoding = 4; lastKnownFileType = sourcecode.swift; path = UIColorExt.swift; sourceTree = "<group>"; };
		0A53496C2A54521A00EDA4BF /* StringExt.swift */ = {isa = PBXFileReference; fileEncoding = 4; lastKnownFileType = sourcecode.swift; path = StringExt.swift; sourceTree = "<group>"; };
		0A53496E2A54521A00EDA4BF /* ThirdExt.swift */ = {isa = PBXFileReference; fileEncoding = 4; lastKnownFileType = sourcecode.swift; path = ThirdExt.swift; sourceTree = "<group>"; };
		0A5349702A54521A00EDA4BF /* Codec.swift */ = {isa = PBXFileReference; fileEncoding = 4; lastKnownFileType = sourcecode.swift; path = Codec.swift; sourceTree = "<group>"; };
		0A5349712A54521A00EDA4BF /* UIViewExt.swift */ = {isa = PBXFileReference; fileEncoding = 4; lastKnownFileType = sourcecode.swift; path = UIViewExt.swift; sourceTree = "<group>"; };
		0A5349732A54521A00EDA4BF /* CollectionExt.swift */ = {isa = PBXFileReference; fileEncoding = 4; lastKnownFileType = sourcecode.swift; path = CollectionExt.swift; sourceTree = "<group>"; };
		0A5349742A54521A00EDA4BF /* Uncat.swift */ = {isa = PBXFileReference; fileEncoding = 4; lastKnownFileType = sourcecode.swift; path = Uncat.swift; sourceTree = "<group>"; };
		0A5349752A54521A00EDA4BF /* Path.swift */ = {isa = PBXFileReference; fileEncoding = 4; lastKnownFileType = sourcecode.swift; path = Path.swift; sourceTree = "<group>"; };
		0A5349762A54521A00EDA4BF /* Num.swift */ = {isa = PBXFileReference; fileEncoding = 4; lastKnownFileType = sourcecode.swift; path = Num.swift; sourceTree = "<group>"; };
		0A5349772A54521A00EDA4BF /* Defaults.swift */ = {isa = PBXFileReference; fileEncoding = 4; lastKnownFileType = sourcecode.swift; path = Defaults.swift; sourceTree = "<group>"; };
		0A5349782A54521A00EDA4BF /* Types.swift */ = {isa = PBXFileReference; fileEncoding = 4; lastKnownFileType = sourcecode.swift; path = Types.swift; sourceTree = "<group>"; };
		0A5349792A54521A00EDA4BF /* Datetime.swift */ = {isa = PBXFileReference; fileEncoding = 4; lastKnownFileType = sourcecode.swift; path = Datetime.swift; sourceTree = "<group>"; };
		0A53497A2A54521A00EDA4BF /* Utils.swift */ = {isa = PBXFileReference; fileEncoding = 4; lastKnownFileType = sourcecode.swift; path = Utils.swift; sourceTree = "<group>"; };
		0A53497E2A54521B00EDA4BF /* zh-Hans */ = {isa = PBXFileReference; lastKnownFileType = text.plist.strings; name = "zh-Hans"; path = "zh-Hans.lproj/com.strings"; sourceTree = "<group>"; };
		0A5349802A54521B00EDA4BF /* zh-Hans */ = {isa = PBXFileReference; lastKnownFileType = text.plist.strings; name = "zh-Hans"; path = "zh-Hans.lproj/shared.strings"; sourceTree = "<group>"; };
		0A5349812A54521B00EDA4BF /* en */ = {isa = PBXFileReference; lastKnownFileType = text.plist.strings; name = en; path = en.lproj/com.strings; sourceTree = "<group>"; };
		0A5349822A54521B00EDA4BF /* en */ = {isa = PBXFileReference; lastKnownFileType = text.plist.strings; name = en; path = en.lproj/shared.strings; sourceTree = "<group>"; };
		0A5349FC2A54521B00EDA4BF /* Assets.xcassets */ = {isa = PBXFileReference; lastKnownFileType = folder.assetcatalog; path = Assets.xcassets; sourceTree = "<group>"; };
		0A5349FD2A54521B00EDA4BF /* zh-Hant */ = {isa = PBXFileReference; lastKnownFileType = text.plist.strings; name = "zh-Hant"; path = "zh-Hant.lproj/com.strings"; sourceTree = "<group>"; };
		0A5349FE2A54521B00EDA4BF /* zh-Hant */ = {isa = PBXFileReference; lastKnownFileType = text.plist.strings; name = "zh-Hant"; path = "zh-Hant.lproj/shared.strings"; sourceTree = "<group>"; };
		0A5349FF2A54521B00EDA4BF /* SharedRes.swift */ = {isa = PBXFileReference; fileEncoding = 4; lastKnownFileType = sourcecode.swift; path = SharedRes.swift; sourceTree = "<group>"; };
		0A534A002A54521B00EDA4BF /* R.generated.swift */ = {isa = PBXFileReference; fileEncoding = 4; lastKnownFileType = sourcecode.swift; path = R.generated.swift; sourceTree = "<group>"; };
		0A534AE02A54524E00EDA4BF /* refresh */ = {isa = PBXFileReference; lastKnownFileType = folder; path = refresh; sourceTree = "<group>"; };
		0A98D7CE2C91731800308F47 /* HttpProp.swift */ = {isa = PBXFileReference; fileEncoding = 4; lastKnownFileType = sourcecode.swift; path = HttpProp.swift; sourceTree = "<group>"; };
		0AEB1CCA2A9766C800A7BC3E /* GestureRecognizer.swift */ = {isa = PBXFileReference; lastKnownFileType = sourcecode.swift; path = GestureRecognizer.swift; sourceTree = "<group>"; };
		0AEDBF7D2D607C770047C478 /* UIImageExt.swift */ = {isa = PBXFileReference; lastKnownFileType = sourcecode.swift; path = UIImageExt.swift; sourceTree = "<group>"; };
		0C1351727CE60ACA703DC80F /* Pods_ModCommon.framework */ = {isa = PBXFileReference; explicitFileType = wrapper.framework; includeInIndex = 0; path = Pods_ModCommon.framework; sourceTree = BUILT_PRODUCTS_DIR; };
		253548F32CF85ABA00471D54 /* BaseStackView.swift */ = {isa = PBXFileReference; lastKnownFileType = sourcecode.swift; path = BaseStackView.swift; sourceTree = "<group>"; };
		253548F52CF85C2A00471D54 /* Infoline.swift */ = {isa = PBXFileReference; lastKnownFileType = sourcecode.swift; path = Infoline.swift; sourceTree = "<group>"; };
		253548FB2CF866C800471D54 /* UtilsView.swift */ = {isa = PBXFileReference; lastKnownFileType = sourcecode.swift; path = UtilsView.swift; sourceTree = "<group>"; };
		28EA023155239CF99F48C26E /* Pods-ModCommon.release.xcconfig */ = {isa = PBXFileReference; includeInIndex = 1; lastKnownFileType = text.xcconfig; name = "Pods-ModCommon.release.xcconfig"; path = "Target Support Files/Pods-ModCommon/Pods-ModCommon.release.xcconfig"; sourceTree = "<group>"; };
		397F5F364D8D0109A54B160C /* Pods-ModCommon.debug.xcconfig */ = {isa = PBXFileReference; includeInIndex = 1; lastKnownFileType = text.xcconfig; name = "Pods-ModCommon.debug.xcconfig"; path = "Target Support Files/Pods-ModCommon/Pods-ModCommon.debug.xcconfig"; sourceTree = "<group>"; };
/* End PBXFileReference section */

/* Begin PBXFrameworksBuildPhase section */
		0A5348772A544E4B00EDA4BF /* Frameworks */ = {
			isa = PBXFrameworksBuildPhase;
			buildActionMask = 2147483647;
			files = (
				660F916C8B655F96A089A030 /* Pods_ModCommon.framework in Frameworks */,
			);
			runOnlyForDeploymentPostprocessing = 0;
		};
/* End PBXFrameworksBuildPhase section */

/* Begin PBXGroup section */
		0A5348702A544E4B00EDA4BF = {
			isa = PBXGroup;
			children = (
				0A53487C2A544E4B00EDA4BF /* ModCommon */,
				0A53487B2A544E4B00EDA4BF /* Products */,
				C13D328238CDBE3A2610CEEE /* Pods */,
				6D6304A51E1907042D557A0E /* Frameworks */,
			);
			sourceTree = "<group>";
		};
		0A53487B2A544E4B00EDA4BF /* Products */ = {
			isa = PBXGroup;
			children = (
				0A53487A2A544E4B00EDA4BF /* ModCommon.framework */,
			);
			name = Products;
			sourceTree = "<group>";
		};
		0A53487C2A544E4B00EDA4BF /* ModCommon */ = {
			isa = PBXGroup;
			children = (
				0A53492B2A54521A00EDA4BF /* CommonConfiger.swift */,
				0A5349682A54521A00EDA4BF /* Foundation */,
				0A5349042A54521A00EDA4BF /* Combine */,
				0A53492C2A54521A00EDA4BF /* Modular */,
				0A53490C2A54521A00EDA4BF /* Common */,
				0A5349362A54521A00EDA4BF /* UI */,
				0A53497C2A54521B00EDA4BF /* Resources */,
			);
			path = ModCommon;
			sourceTree = "<group>";
		};
		0A5349042A54521A00EDA4BF /* Combine */ = {
			isa = PBXGroup;
			children = (
				0A5349092A54521A00EDA4BF /* CombineExt.swift */,
				0A5349052A54521A00EDA4BF /* Comb.swift */,
				0A53490A2A54521A00EDA4BF /* Setted.swift */,
				0A5349062A54521A00EDA4BF /* ControlEvent.swift */,
				0A5349072A54521A00EDA4BF /* ControlProperty.swift */,
				0AEB1CCA2A9766C800A7BC3E /* GestureRecognizer.swift */,
			);
			path = Combine;
			sourceTree = "<group>";
		};
		0A53490C2A54521A00EDA4BF /* Common */ = {
			isa = PBXGroup;
			children = (
				0A53491B2A54521A00EDA4BF /* Models */,
				0A5349292A54521A00EDA4BF /* Account */,
				0A53490D2A54521A00EDA4BF /* Options */,
				0A5349152A54521A00EDA4BF /* Cache */,
				0A53491F2A54521A00EDA4BF /* HTTP */,
			);
			path = Common;
			sourceTree = "<group>";
		};
		0A53490D2A54521A00EDA4BF /* Options */ = {
			isa = PBXGroup;
			children = (
				0A5349772A54521A00EDA4BF /* Defaults.swift */,
				0A5349102A54521A00EDA4BF /* AppOptions.swift */,
				0A53490F2A54521A00EDA4BF /* UserOptions.swift */,
			);
			path = Options;
			sourceTree = "<group>";
		};
		0A5349152A54521A00EDA4BF /* Cache */ = {
			isa = PBXGroup;
			children = (
				0A5349192A54521A00EDA4BF /* Cache.swift */,
				0A53491A2A54521A00EDA4BF /* AppCache.swift */,
				0A5349162A54521A00EDA4BF /* UserCache.swift */,
			);
			path = Cache;
			sourceTree = "<group>";
		};
		0A53491B2A54521A00EDA4BF /* Models */ = {
			isa = PBXGroup;
			children = (
				0A53491C2A54521A00EDA4BF /* AnyModel.swift */,
				0A53491D2A54521A00EDA4BF /* UserModel.swift */,
			);
			path = Models;
			sourceTree = "<group>";
		};
		0A53491F2A54521A00EDA4BF /* HTTP */ = {
			isa = PBXGroup;
			children = (
				0A5349282A54521A00EDA4BF /* NetworkMonitor.swift */,
				0A5349202A54521A00EDA4BF /* HttpLogger.swift */,
				0A5349232A54521A00EDA4BF /* HttpError.swift */,
				0A5349272A54521A00EDA4BF /* HttpManager.swift */,
				0A5349212A54521A00EDA4BF /* MainHTTP.swift */,
				0A98D7CE2C91731800308F47 /* HttpProp.swift */,
			);
			path = HTTP;
			sourceTree = "<group>";
		};
		0A5349292A54521A00EDA4BF /* Account */ = {
			isa = PBXGroup;
			children = (
				0A53492A2A54521A00EDA4BF /* AccountManager.swift */,
			);
			path = Account;
			sourceTree = "<group>";
		};
		0A53492C2A54521A00EDA4BF /* Modular */ = {
			isa = PBXGroup;
			children = (
				0A53492D2A54521A00EDA4BF /* Modhub */,
				0A5349332A54521A00EDA4BF /* Navigator */,
			);
			path = Modular;
			sourceTree = "<group>";
		};
		0A53492D2A54521A00EDA4BF /* Modhub */ = {
			isa = PBXGroup;
			children = (
				0A53492E2A54521A00EDA4BF /* Modhub.swift */,
				0A53492F2A54521A00EDA4BF /* HomePageService.swift */,
				0A5349302A54521A00EDA4BF /* HuaSuanService.swift */,
				0A5349312A54521A00EDA4BF /* ShopCarService.swift */,
				0A5349322A54521A00EDA4BF /* UserCenterService.swift */,
			);
			path = Modhub;
			sourceTree = "<group>";
		};
		0A5349332A54521A00EDA4BF /* Navigator */ = {
			isa = PBXGroup;
			children = (
				0A5349342A54521A00EDA4BF /* Navigator.swift */,
				0A5349352A54521A00EDA4BF /* Route.swift */,
				0A5349532A54521A00EDA4BF /* NavigationController.swift */,
				0A3EE9792B98A55400206B1F /* UIViewController_Navigator.swift */,
			);
			path = Navigator;
			sourceTree = "<group>";
		};
		0A5349362A54521A00EDA4BF /* UI */ = {
			isa = PBXGroup;
			children = (
				0A5349502A54521A00EDA4BF /* Colors.swift */,
				0A53494F2A54521A00EDA4BF /* Fonts.swift */,
				0A53495C2A54521A00EDA4BF /* Base */,
				0A5349542A54521A00EDA4BF /* Views */,
				0A5349512A54521A00EDA4BF /* Controllers */,
				0A5349422A54521A00EDA4BF /* Change */,
				0A53493D2A54521A00EDA4BF /* Popup */,
				0AC1ADC12D6859BB004E4298 /* Uncat */,
			);
			path = UI;
			sourceTree = "<group>";
		};
		0A53493D2A54521A00EDA4BF /* Popup */ = {
			isa = PBXGroup;
			children = (
				0A53493E2A54521A00EDA4BF /* Alert.swift */,
				0A5349412A54521A00EDA4BF /* Drop.swift */,
				0A53493F2A54521A00EDA4BF /* Hover.swift */,
				0A5349402A54521A00EDA4BF /* Hud.swift */,
			);
			path = Popup;
			sourceTree = "<group>";
		};
		0A5349422A54521A00EDA4BF /* Change */ = {
			isa = PBXGroup;
			children = (
				0A5349452A54521A00EDA4BF /* ThemeManager.swift */,
				0A5349432A54521A00EDA4BF /* LanguageManager.swift */,
				0A5349462A54521A00EDA4BF /* Change.swift */,
				0A5349442A54521A00EDA4BF /* ChangeExt.swift */,
			);
			path = Change;
			sourceTree = "<group>";
		};
		0A53494A2A54521A00EDA4BF /* StateView */ = {
			isa = PBXGroup;
			children = (
				0A53494C2A54521A00EDA4BF /* StateView.swift */,
				0A53494D2A54521A00EDA4BF /* StateLoadingView.swift */,
				0A53494E2A54521A00EDA4BF /* StateEmptyView.swift */,
				0A53494B2A54521A00EDA4BF /* StateErrorView.swift */,
			);
			path = StateView;
			sourceTree = "<group>";
		};
		0A5349512A54521A00EDA4BF /* Controllers */ = {
			isa = PBXGroup;
			children = (
				0A5349522A54521A00EDA4BF /* WebViewController.swift */,
			);
			path = Controllers;
			sourceTree = "<group>";
		};
		0A5349542A54521A00EDA4BF /* Views */ = {
			isa = PBXGroup;
			children = (
				0A5349592A54521A00EDA4BF /* UIScrollView_Container.swift */,
				0A5349562A54521A00EDA4BF /* UIScrollView_Spinner.swift */,
				0A5349582A54521A00EDA4BF /* UITableView_Header.swift */,
				0A5349572A54521A00EDA4BF /* UIButton_Style.swift */,
				0A5349552A54521A00EDA4BF /* Stylabel.swift */,
			);
			path = Views;
			sourceTree = "<group>";
		};
		0A53495C2A54521A00EDA4BF /* Base */ = {
			isa = PBXGroup;
			children = (
				0A5349622A54521A00EDA4BF /* BaseView.swift */,
				0A5349612A54521A00EDA4BF /* BaseControl.swift */,
				0A53495E2A54521A00EDA4BF /* BaseTableViewCell.swift */,
				0A5349602A54521A00EDA4BF /* BaseCollectionViewCell.swift */,
				253548F32CF85ABA00471D54 /* BaseStackView.swift */,
				0A53493B2A54521A00EDA4BF /* Navbar.swift */,
				0A53495D2A54521A00EDA4BF /* BaseViewController.swift */,
			);
			path = Base;
			sourceTree = "<group>";
		};
		0A5349682A54521A00EDA4BF /* Foundation */ = {
			isa = PBXGroup;
			children = (
				0A5349692A54521A00EDA4BF /* Metric.swift */,
				0A5349782A54521A00EDA4BF /* Types.swift */,
				0A5349742A54521A00EDA4BF /* Uncat.swift */,
				0A5349732A54521A00EDA4BF /* CollectionExt.swift */,
				0A53496C2A54521A00EDA4BF /* StringExt.swift */,
				0A53496B2A54521A00EDA4BF /* UIColorExt.swift */,
				0AEDBF7D2D607C770047C478 /* UIImageExt.swift */,
				0A5349712A54521A00EDA4BF /* UIViewExt.swift */,
				0A5349792A54521A00EDA4BF /* Datetime.swift */,
				0A5349752A54521A00EDA4BF /* Path.swift */,
				0A5349702A54521A00EDA4BF /* Codec.swift */,
				0A53496A2A54521A00EDA4BF /* Serialize.swift */,
				0A5349762A54521A00EDA4BF /* Num.swift */,
				0A53497A2A54521A00EDA4BF /* Utils.swift */,
				0A53496E2A54521A00EDA4BF /* ThirdExt.swift */,
			);
			path = Foundation;
			sourceTree = "<group>";
		};
		0A53497C2A54521B00EDA4BF /* Resources */ = {
			isa = PBXGroup;
			children = (
				0A534AE02A54524E00EDA4BF /* refresh */,
				0A5349FF2A54521B00EDA4BF /* SharedRes.swift */,
				0A534A002A54521B00EDA4BF /* R.generated.swift */,
				0A53497D2A54521B00EDA4BF /* com.strings */,
				0A53497F2A54521B00EDA4BF /* shared.strings */,
				0A5349FC2A54521B00EDA4BF /* Assets.xcassets */,
			);
			path = Resources;
			sourceTree = "<group>";
		};
		0AC1ADC12D6859BB004E4298 /* Uncat */ = {
			isa = PBXGroup;
			children = (
				253548FB2CF866C800471D54 /* UtilsView.swift */,
				0A53495B2A54521A00EDA4BF /* Checkbox.swift */,
				253548F52CF85C2A00471D54 /* Infoline.swift */,
				0A5349492A54521A00EDA4BF /* KeyboardAvoiding.swift */,
				0A5349482A54521A00EDA4BF /* TextLimiter.swift */,
				0A53494A2A54521A00EDA4BF /* StateView */,
			);
			path = Uncat;
			sourceTree = "<group>";
		};
		6D6304A51E1907042D557A0E /* Frameworks */ = {
			isa = PBXGroup;
			children = (
				0C1351727CE60ACA703DC80F /* Pods_ModCommon.framework */,
			);
			name = Frameworks;
			sourceTree = "<group>";
		};
		C13D328238CDBE3A2610CEEE /* Pods */ = {
			isa = PBXGroup;
			children = (
				397F5F364D8D0109A54B160C /* Pods-ModCommon.debug.xcconfig */,
				28EA023155239CF99F48C26E /* Pods-ModCommon.release.xcconfig */,
			);
			name = Pods;
			path = ../../Pods;
			sourceTree = "<group>";
		};
/* End PBXGroup section */

/* Begin PBXHeadersBuildPhase section */
		0A5348752A544E4B00EDA4BF /* Headers */ = {
			isa = PBXHeadersBuildPhase;
			buildActionMask = 2147483647;
			files = (
			);
			runOnlyForDeploymentPostprocessing = 0;
		};
/* End PBXHeadersBuildPhase section */

/* Begin PBXNativeTarget section */
		0A5348792A544E4B00EDA4BF /* ModCommon */ = {
			isa = PBXNativeTarget;
			buildConfigurationList = 0A5348812A544E4B00EDA4BF /* Build configuration list for PBXNativeTarget "ModCommon" */;
			buildPhases = (
				6864CF2F84C054C885620CD8 /* [CP] Check Pods Manifest.lock */,
				0A5348752A544E4B00EDA4BF /* Headers */,
				0A534AE22A5455BB00EDA4BF /* R.swift */,
				0A5348762A544E4B00EDA4BF /* Sources */,
				0A5348772A544E4B00EDA4BF /* Frameworks */,
				0A5348782A544E4B00EDA4BF /* Resources */,
			);
			buildRules = (
			);
			dependencies = (
			);
			name = ModCommon;
			productName = ModCommon;
			productReference = 0A53487A2A544E4B00EDA4BF /* ModCommon.framework */;
			productType = "com.apple.product-type.framework";
		};
/* End PBXNativeTarget section */

/* Begin PBXProject section */
		0A5348712A544E4B00EDA4BF /* Project object */ = {
			isa = PBXProject;
			attributes = {
				BuildIndependentTargetsInParallel = 1;
				LastUpgradeCheck = 1420;
				TargetAttributes = {
					0A5348792A544E4B00EDA4BF = {
						CreatedOnToolsVersion = 14.2;
						LastSwiftMigration = 1420;
					};
				};
			};
			buildConfigurationList = 0A5348742A544E4B00EDA4BF /* Build configuration list for PBXProject "ModCommon" */;
			compatibilityVersion = "Xcode 14.0";
			developmentRegion = en;
			hasScannedForEncodings = 0;
			knownRegions = (
				en,
				Base,
				"zh-Hans",
				"zh-Hant",
			);
			mainGroup = 0A5348702A544E4B00EDA4BF;
			productRefGroup = 0A53487B2A544E4B00EDA4BF /* Products */;
			projectDirPath = "";
			projectRoot = "";
			targets = (
				0A5348792A544E4B00EDA4BF /* ModCommon */,
			);
		};
/* End PBXProject section */

/* Begin PBXResourcesBuildPhase section */
		0A5348782A544E4B00EDA4BF /* Resources */ = {
			isa = PBXResourcesBuildPhase;
			buildActionMask = 2147483647;
			files = (
				0A534ADD2A54521B00EDA4BF /* Assets.xcassets in Resources */,
				0A534A632A54521B00EDA4BF /* com.strings in Resources */,
				0A534AE12A54524E00EDA4BF /* refresh in Resources */,
				0A534A642A54521B00EDA4BF /* shared.strings in Resources */,
			);
			runOnlyForDeploymentPostprocessing = 0;
		};
/* End PBXResourcesBuildPhase section */

/* Begin PBXShellScriptBuildPhase section */
		0A534AE22A5455BB00EDA4BF /* R.swift */ = {
			isa = PBXShellScriptBuildPhase;
			alwaysOutOfDate = 1;
			buildActionMask = 2147483647;
			files = (
			);
			inputFileListPaths = (
			);
			inputPaths = (
			);
			name = R.swift;
			outputFileListPaths = (
			);
			outputPaths = (
				$SRCROOT/$TARGET_NAME/Resources/R.generated.swift,
			);
			runOnlyForDeploymentPostprocessing = 0;
			shellPath = /bin/sh;
			shellScript = "\"$PODS_ROOT/R.swift/rswift\" generate \"$SRCROOT/$TARGET_NAME/Resources/R.generated.swift\" --generators image,string\n";
		};
		6864CF2F84C054C885620CD8 /* [CP] Check Pods Manifest.lock */ = {
			isa = PBXShellScriptBuildPhase;
			buildActionMask = 2147483647;
			files = (
			);
			inputFileListPaths = (
			);
			inputPaths = (
				"${PODS_PODFILE_DIR_PATH}/Podfile.lock",
				"${PODS_ROOT}/Manifest.lock",
			);
			name = "[CP] Check Pods Manifest.lock";
			outputFileListPaths = (
			);
			outputPaths = (
				"$(DERIVED_FILE_DIR)/Pods-ModCommon-checkManifestLockResult.txt",
			);
			runOnlyForDeploymentPostprocessing = 0;
			shellPath = /bin/sh;
			shellScript = "diff \"${PODS_PODFILE_DIR_PATH}/Podfile.lock\" \"${PODS_ROOT}/Manifest.lock\" > /dev/null\nif [ $? != 0 ] ; then\n    # print error to STDERR\n    echo \"error: The sandbox is not in sync with the Podfile.lock. Run 'pod install' or update your CocoaPods installation.\" >&2\n    exit 1\nfi\n# This output is used by Xcode 'outputs' to avoid re-running this script phase.\necho \"SUCCESS\" > \"${SCRIPT_OUTPUT_FILE_0}\"\n";
			showEnvVarsInLog = 0;
		};
/* End PBXShellScriptBuildPhase section */

/* Begin PBXSourcesBuildPhase section */
		0A5348762A544E4B00EDA4BF /* Sources */ = {
			isa = PBXSourcesBuildPhase;
			buildActionMask = 2147483647;
			files = (
				0A534A022A54521B00EDA4BF /* ControlEvent.swift in Sources */,
				0A534A3C2A54521B00EDA4BF /* Colors.swift in Sources */,
				0A534A412A54521B00EDA4BF /* UIButton_Style.swift in Sources */,
				0A534A322A54521B00EDA4BF /* ChangeExt.swift in Sources */,
				0A534A462A54521B00EDA4BF /* BaseViewController.swift in Sources */,
				0A534A0E2A54521B00EDA4BF /* UserCache.swift in Sources */,
				0A534A012A54521B00EDA4BF /* Comb.swift in Sources */,
				0A534A222A54521B00EDA4BF /* HomePageService.swift in Sources */,
				0A534A1F2A54521B00EDA4BF /* AccountManager.swift in Sources */,
				0A534A532A54521B00EDA4BF /* StringExt.swift in Sources */,
				0A534A262A54521B00EDA4BF /* Navigator.swift in Sources */,
				0A534A4B2A54521B00EDA4BF /* BaseView.swift in Sources */,
				0A534A2B2A54521B00EDA4BF /* Navbar.swift in Sources */,
				0A534A5E2A54521B00EDA4BF /* Defaults.swift in Sources */,
				0A534A402A54521B00EDA4BF /* UIScrollView_Spinner.swift in Sources */,
				0A534A352A54521B00EDA4BF /* TextLimiter.swift in Sources */,
				0A534A4A2A54521B00EDA4BF /* BaseControl.swift in Sources */,
				0A534A202A54521B00EDA4BF /* CommonConfiger.swift in Sources */,
				0A534A252A54521B00EDA4BF /* UserCenterService.swift in Sources */,
				0A534A5F2A54521B00EDA4BF /* Types.swift in Sources */,
				0A534A112A54521B00EDA4BF /* Cache.swift in Sources */,
				0A534A242A54521B00EDA4BF /* ShopCarService.swift in Sources */,
				0A534ADF2A54521B00EDA4BF /* R.generated.swift in Sources */,
				0A534A3D2A54521B00EDA4BF /* WebViewController.swift in Sources */,
				0A534A1D2A54521B00EDA4BF /* HttpManager.swift in Sources */,
				0A534A552A54521B00EDA4BF /* ThirdExt.swift in Sources */,
				253548F62CF85C2A00471D54 /* Infoline.swift in Sources */,
				0A534A3B2A54521B00EDA4BF /* Fonts.swift in Sources */,
				0AEDBF7E2D607C7C0047C478 /* UIImageExt.swift in Sources */,
				0A534A062A54521B00EDA4BF /* Setted.swift in Sources */,
				0A534A502A54521B00EDA4BF /* Metric.swift in Sources */,
				0A534A3A2A54521B00EDA4BF /* StateEmptyView.swift in Sources */,
				0A534A342A54521B00EDA4BF /* Change.swift in Sources */,
				0A534A1E2A54521B00EDA4BF /* NetworkMonitor.swift in Sources */,
				0A534A212A54521B00EDA4BF /* Modhub.swift in Sources */,
				0A534A492A54521B00EDA4BF /* BaseCollectionViewCell.swift in Sources */,
				0A534A2D2A54521B00EDA4BF /* Alert.swift in Sources */,
				0A3EE97A2B98A55400206B1F /* UIViewController_Navigator.swift in Sources */,
				0A534A382A54521B00EDA4BF /* StateView.swift in Sources */,
				0A534A572A54521B00EDA4BF /* Codec.swift in Sources */,
				0A534A172A54521B00EDA4BF /* MainHTTP.swift in Sources */,
				0A534A432A54521B00EDA4BF /* UIScrollView_Container.swift in Sources */,
				0A534A612A54521B00EDA4BF /* Utils.swift in Sources */,
				0A534A162A54521B00EDA4BF /* HttpLogger.swift in Sources */,
				0A534A122A54521B00EDA4BF /* AppCache.swift in Sources */,
				0A534A092A54521B00EDA4BF /* UserOptions.swift in Sources */,
				0A534A602A54521B00EDA4BF /* Datetime.swift in Sources */,
				0A534A302A54521B00EDA4BF /* Drop.swift in Sources */,
				0A534ADE2A54521B00EDA4BF /* SharedRes.swift in Sources */,
				0A534A192A54521B00EDA4BF /* HttpError.swift in Sources */,
				0A534A312A54521B00EDA4BF /* LanguageManager.swift in Sources */,
				0A534A2E2A54521B00EDA4BF /* Hover.swift in Sources */,
				0A534A232A54521B00EDA4BF /* HuaSuanService.swift in Sources */,
				253548F42CF85ABA00471D54 /* BaseStackView.swift in Sources */,
				0A534A3F2A54521B00EDA4BF /* Stylabel.swift in Sources */,
				0A534A582A54521B00EDA4BF /* UIViewExt.swift in Sources */,
				0A534A472A54521B00EDA4BF /* BaseTableViewCell.swift in Sources */,
				0A534A372A54521B00EDA4BF /* StateErrorView.swift in Sources */,
				253548FC2CF866C800471D54 /* UtilsView.swift in Sources */,
				0A534A362A54521B00EDA4BF /* KeyboardAvoiding.swift in Sources */,
				0A534A422A54521B00EDA4BF /* UITableView_Header.swift in Sources */,
				0AEB1CCB2A9766C800A7BC3E /* GestureRecognizer.swift in Sources */,
				0A534A5D2A54521B00EDA4BF /* Num.swift in Sources */,
				0A534A452A54521B00EDA4BF /* Checkbox.swift in Sources */,
				0A534A5C2A54521B00EDA4BF /* Path.swift in Sources */,
				0A534A132A54521B00EDA4BF /* AnyModel.swift in Sources */,
				0A534A272A54521B00EDA4BF /* Route.swift in Sources */,
				0A534A392A54521B00EDA4BF /* StateLoadingView.swift in Sources */,
				0A534A5B2A54521B00EDA4BF /* Uncat.swift in Sources */,
				0A534A2F2A54521B00EDA4BF /* Hud.swift in Sources */,
				0A534A3E2A54521B00EDA4BF /* NavigationController.swift in Sources */,
				0A534A052A54521B00EDA4BF /* CombineExt.swift in Sources */,
				0A534A522A54521B00EDA4BF /* UIColorExt.swift in Sources */,
				0A534A332A54521B00EDA4BF /* ThemeManager.swift in Sources */,
				0A534A5A2A54521B00EDA4BF /* CollectionExt.swift in Sources */,
				0A534A512A54521B00EDA4BF /* Serialize.swift in Sources */,
				0A534A0A2A54521B00EDA4BF /* AppOptions.swift in Sources */,
				0A98D7CF2C91731800308F47 /* HttpProp.swift in Sources */,
				0A534A032A54521B00EDA4BF /* ControlProperty.swift in Sources */,
				0A534A142A54521B00EDA4BF /* UserModel.swift in Sources */,
			);
			runOnlyForDeploymentPostprocessing = 0;
		};
/* End PBXSourcesBuildPhase section */

/* Begin PBXVariantGroup section */
		0A53497D2A54521B00EDA4BF /* com.strings */ = {
			isa = PBXVariantGroup;
			children = (
				0A53497E2A54521B00EDA4BF /* zh-Hans */,
				0A5349812A54521B00EDA4BF /* en */,
				0A5349FD2A54521B00EDA4BF /* zh-Hant */,
			);
			name = com.strings;
			sourceTree = "<group>";
		};
		0A53497F2A54521B00EDA4BF /* shared.strings */ = {
			isa = PBXVariantGroup;
			children = (
				0A5349802A54521B00EDA4BF /* zh-Hans */,
				0A5349822A54521B00EDA4BF /* en */,
				0A5349FE2A54521B00EDA4BF /* zh-Hant */,
			);
			name = shared.strings;
			sourceTree = "<group>";
		};
/* End PBXVariantGroup section */

/* Begin XCBuildConfiguration section */
		0A53487F2A544E4B00EDA4BF /* Debug */ = {
			isa = XCBuildConfiguration;
			buildSettings = {
				ALWAYS_SEARCH_USER_PATHS = NO;
				CLANG_ANALYZER_NONNULL = YES;
				CLANG_ANALYZER_NUMBER_OBJECT_CONVERSION = YES_AGGRESSIVE;
				CLANG_CXX_LANGUAGE_STANDARD = "gnu++20";
				CLANG_ENABLE_MODULES = YES;
				CLANG_ENABLE_OBJC_ARC = YES;
				CLANG_ENABLE_OBJC_WEAK = YES;
				CLANG_WARN_BLOCK_CAPTURE_AUTORELEASING = YES;
				CLANG_WARN_BOOL_CONVERSION = YES;
				CLANG_WARN_COMMA = YES;
				CLANG_WARN_CONSTANT_CONVERSION = YES;
				CLANG_WARN_DEPRECATED_OBJC_IMPLEMENTATIONS = YES;
				CLANG_WARN_DIRECT_OBJC_ISA_USAGE = YES_ERROR;
				CLANG_WARN_DOCUMENTATION_COMMENTS = YES;
				CLANG_WARN_EMPTY_BODY = YES;
				CLANG_WARN_ENUM_CONVERSION = YES;
				CLANG_WARN_INFINITE_RECURSION = YES;
				CLANG_WARN_INT_CONVERSION = YES;
				CLANG_WARN_NON_LITERAL_NULL_CONVERSION = YES;
				CLANG_WARN_OBJC_IMPLICIT_RETAIN_SELF = YES;
				CLANG_WARN_OBJC_LITERAL_CONVERSION = YES;
				CLANG_WARN_OBJC_ROOT_CLASS = YES_ERROR;
				CLANG_WARN_QUOTED_INCLUDE_IN_FRAMEWORK_HEADER = YES;
				CLANG_WARN_RANGE_LOOP_ANALYSIS = YES;
				CLANG_WARN_STRICT_PROTOTYPES = YES;
				CLANG_WARN_SUSPICIOUS_MOVE = YES;
				CLANG_WARN_UNGUARDED_AVAILABILITY = YES_AGGRESSIVE;
				CLANG_WARN_UNREACHABLE_CODE = YES;
				CLANG_WARN__DUPLICATE_METHOD_MATCH = YES;
				COPY_PHASE_STRIP = NO;
				CURRENT_PROJECT_VERSION = 1;
				DEBUG_INFORMATION_FORMAT = dwarf;
				ENABLE_STRICT_OBJC_MSGSEND = YES;
				ENABLE_TESTABILITY = YES;
				GCC_C_LANGUAGE_STANDARD = gnu11;
				GCC_DYNAMIC_NO_PIC = NO;
				GCC_NO_COMMON_BLOCKS = YES;
				GCC_OPTIMIZATION_LEVEL = 0;
				GCC_PREPROCESSOR_DEFINITIONS = (
					"DEBUG=1",
					"$(inherited)",
				);
				GCC_WARN_64_TO_32_BIT_CONVERSION = YES;
				GCC_WARN_ABOUT_RETURN_TYPE = YES_ERROR;
				GCC_WARN_UNDECLARED_SELECTOR = YES;
				GCC_WARN_UNINITIALIZED_AUTOS = YES_AGGRESSIVE;
				GCC_WARN_UNUSED_FUNCTION = YES;
				GCC_WARN_UNUSED_VARIABLE = YES;
				IPHONEOS_DEPLOYMENT_TARGET = 16.2;
				MTL_ENABLE_DEBUG_INFO = INCLUDE_SOURCE;
				MTL_FAST_MATH = YES;
				ONLY_ACTIVE_ARCH = YES;
				SDKROOT = iphoneos;
				SWIFT_ACTIVE_COMPILATION_CONDITIONS = DEBUG;
				SWIFT_OPTIMIZATION_LEVEL = "-Onone";
				VERSIONING_SYSTEM = "apple-generic";
				VERSION_INFO_PREFIX = "";
			};
			name = Debug;
		};
		0A5348802A544E4B00EDA4BF /* Release */ = {
			isa = XCBuildConfiguration;
			buildSettings = {
				ALWAYS_SEARCH_USER_PATHS = NO;
				CLANG_ANALYZER_NONNULL = YES;
				CLANG_ANALYZER_NUMBER_OBJECT_CONVERSION = YES_AGGRESSIVE;
				CLANG_CXX_LANGUAGE_STANDARD = "gnu++20";
				CLANG_ENABLE_MODULES = YES;
				CLANG_ENABLE_OBJC_ARC = YES;
				CLANG_ENABLE_OBJC_WEAK = YES;
				CLANG_WARN_BLOCK_CAPTURE_AUTORELEASING = YES;
				CLANG_WARN_BOOL_CONVERSION = YES;
				CLANG_WARN_COMMA = YES;
				CLANG_WARN_CONSTANT_CONVERSION = YES;
				CLANG_WARN_DEPRECATED_OBJC_IMPLEMENTATIONS = YES;
				CLANG_WARN_DIRECT_OBJC_ISA_USAGE = YES_ERROR;
				CLANG_WARN_DOCUMENTATION_COMMENTS = YES;
				CLANG_WARN_EMPTY_BODY = YES;
				CLANG_WARN_ENUM_CONVERSION = YES;
				CLANG_WARN_INFINITE_RECURSION = YES;
				CLANG_WARN_INT_CONVERSION = YES;
				CLANG_WARN_NON_LITERAL_NULL_CONVERSION = YES;
				CLANG_WARN_OBJC_IMPLICIT_RETAIN_SELF = YES;
				CLANG_WARN_OBJC_LITERAL_CONVERSION = YES;
				CLANG_WARN_OBJC_ROOT_CLASS = YES_ERROR;
				CLANG_WARN_QUOTED_INCLUDE_IN_FRAMEWORK_HEADER = YES;
				CLANG_WARN_RANGE_LOOP_ANALYSIS = YES;
				CLANG_WARN_STRICT_PROTOTYPES = YES;
				CLANG_WARN_SUSPICIOUS_MOVE = YES;
				CLANG_WARN_UNGUARDED_AVAILABILITY = YES_AGGRESSIVE;
				CLANG_WARN_UNREACHABLE_CODE = YES;
				CLANG_WARN__DUPLICATE_METHOD_MATCH = YES;
				COPY_PHASE_STRIP = NO;
				CURRENT_PROJECT_VERSION = 1;
				DEBUG_INFORMATION_FORMAT = "dwarf-with-dsym";
				ENABLE_NS_ASSERTIONS = NO;
				ENABLE_STRICT_OBJC_MSGSEND = YES;
				GCC_C_LANGUAGE_STANDARD = gnu11;
				GCC_NO_COMMON_BLOCKS = YES;
				GCC_WARN_64_TO_32_BIT_CONVERSION = YES;
				GCC_WARN_ABOUT_RETURN_TYPE = YES_ERROR;
				GCC_WARN_UNDECLARED_SELECTOR = YES;
				GCC_WARN_UNINITIALIZED_AUTOS = YES_AGGRESSIVE;
				GCC_WARN_UNUSED_FUNCTION = YES;
				GCC_WARN_UNUSED_VARIABLE = YES;
				IPHONEOS_DEPLOYMENT_TARGET = 16.2;
				MTL_ENABLE_DEBUG_INFO = NO;
				MTL_FAST_MATH = YES;
				SDKROOT = iphoneos;
				SWIFT_COMPILATION_MODE = wholemodule;
				SWIFT_OPTIMIZATION_LEVEL = "-O";
				VALIDATE_PRODUCT = YES;
				VERSIONING_SYSTEM = "apple-generic";
				VERSION_INFO_PREFIX = "";
			};
			name = Release;
		};
		0A5348822A544E4B00EDA4BF /* Debug */ = {
			isa = XCBuildConfiguration;
			baseConfigurationReference = 397F5F364D8D0109A54B160C /* Pods-ModCommon.debug.xcconfig */;
			buildSettings = {
				CLANG_ENABLE_MODULES = YES;
				CODE_SIGN_STYLE = Automatic;
				CURRENT_PROJECT_VERSION = 1;
				DEFINES_MODULE = YES;
				DEVELOPMENT_TEAM = FYWZKKC62C;
				DYLIB_COMPATIBILITY_VERSION = 1;
				DYLIB_CURRENT_VERSION = 1;
				DYLIB_INSTALL_NAME_BASE = "@rpath";
				GENERATE_INFOPLIST_FILE = YES;
				INFOPLIST_KEY_NSHumanReadableCopyright = "";
				INSTALL_PATH = "$(LOCAL_LIBRARY_DIR)/Frameworks";
				IPHONEOS_DEPLOYMENT_TARGET = 15.0;
				LD_RUNPATH_SEARCH_PATHS = (
					"$(inherited)",
					"@executable_path/Frameworks",
					"@loader_path/Frameworks",
				);
				MARKETING_VERSION = 1.0;
				PRODUCT_BUNDLE_IDENTIFIER = com.hi.ModCommon;
				PRODUCT_NAME = "$(TARGET_NAME:c99extidentifier)";
				SKIP_INSTALL = YES;
				SWIFT_EMIT_LOC_STRINGS = YES;
				SWIFT_OPTIMIZATION_LEVEL = "-Onone";
				SWIFT_VERSION = 5.0;
				TARGETED_DEVICE_FAMILY = "1,2";
			};
			name = Debug;
		};
		0A5348832A544E4B00EDA4BF /* Release */ = {
			isa = XCBuildConfiguration;
			baseConfigurationReference = 28EA023155239CF99F48C26E /* Pods-ModCommon.release.xcconfig */;
			buildSettings = {
				CLANG_ENABLE_MODULES = YES;
				CODE_SIGN_STYLE = Automatic;
				CURRENT_PROJECT_VERSION = 1;
				DEFINES_MODULE = YES;
				DEVELOPMENT_TEAM = FYWZKKC62C;
				DYLIB_COMPATIBILITY_VERSION = 1;
				DYLIB_CURRENT_VERSION = 1;
				DYLIB_INSTALL_NAME_BASE = "@rpath";
				GENERATE_INFOPLIST_FILE = YES;
				INFOPLIST_KEY_NSHumanReadableCopyright = "";
				INSTALL_PATH = "$(LOCAL_LIBRARY_DIR)/Frameworks";
				IPHONEOS_DEPLOYMENT_TARGET = 15.0;
				LD_RUNPATH_SEARCH_PATHS = (
					"$(inherited)",
					"@executable_path/Frameworks",
					"@loader_path/Frameworks",
				);
				MARKETING_VERSION = 1.0;
				PRODUCT_BUNDLE_IDENTIFIER = com.hi.ModCommon;
				PRODUCT_NAME = "$(TARGET_NAME:c99extidentifier)";
				SKIP_INSTALL = YES;
				SWIFT_EMIT_LOC_STRINGS = YES;
				SWIFT_VERSION = 5.0;
				TARGETED_DEVICE_FAMILY = "1,2";
			};
			name = Release;
		};
/* End XCBuildConfiguration section */

/* Begin XCConfigurationList section */
		0A5348742A544E4B00EDA4BF /* Build configuration list for PBXProject "ModCommon" */ = {
			isa = XCConfigurationList;
			buildConfigurations = (
				0A53487F2A544E4B00EDA4BF /* Debug */,
				0A5348802A544E4B00EDA4BF /* Release */,
			);
			defaultConfigurationIsVisible = 0;
			defaultConfigurationName = Release;
		};
		0A5348812A544E4B00EDA4BF /* Build configuration list for PBXNativeTarget "ModCommon" */ = {
			isa = XCConfigurationList;
			buildConfigurations = (
				0A5348822A544E4B00EDA4BF /* Debug */,
				0A5348832A544E4B00EDA4BF /* Release */,
			);
			defaultConfigurationIsVisible = 0;
			defaultConfigurationName = Release;
		};
/* End XCConfigurationList section */
	};
	rootObject = 0A5348712A544E4B00EDA4BF /* Project object */;
}
