// !$*UTF8*$!
{
	archiveVersion = 1;
	classes = {
	};
	objectVersion = 56;
	objects = {

/* Begin PBXBuildFile section */
		0A534B0F2A54588E00EDA4BF /* Module.swift in Sources */ = {isa = PBXBuildFile; fileRef = 0A534B062A54588E00EDA4BF /* Module.swift */; };
		0A534B132A54588E00EDA4BF /* UserCenterViewController.swift in Sources */ = {isa = PBXBuildFile; fileRef = 0A534B0E2A54588E00EDA4BF /* UserCenterViewController.swift */; };
		0A8930BB2A545A27005BEAA4 /* ModCommon.framework in Frameworks */ = {isa = PBXBuildFile; fileRef = 0A8930BA2A545A27005BEAA4 /* ModCommon.framework */; };
		0A8930BC2A545A27005BEAA4 /* ModCommon.framework in Embed Frameworks */ = {isa = PBXBuildFile; fileRef = 0A8930BA2A545A27005BEAA4 /* ModCommon.framework */; settings = {ATTRIBUTES = (CodeSignOnCopy, RemoveHeadersOnCopy, ); }; };
		0A8930DC2A545F39005BEAA4 /* com.strings in Resources */ = {isa = PBXBuildFile; fileRef = 0A8930D62A545F39005BEAA4 /* com.strings */; };
		0A8930DD2A545F39005BEAA4 /* Assets.xcassets in Resources */ = {isa = PBXBuildFile; fileRef = 0A8930D92A545F39005BEAA4 /* Assets.xcassets */; };
		0A8930DE2A545F39005BEAA4 /* R.generated.swift in Sources */ = {isa = PBXBuildFile; fileRef = 0A8930DB2A545F39005BEAA4 /* R.generated.swift */; };
		9A42627E98B92DE89AD9093D /* Pods_ModUserCenter.framework in Frameworks */ = {isa = PBXBuildFile; fileRef = 3807AD8C9068E848258D253E /* Pods_ModUserCenter.framework */; };
/* End PBXBuildFile section */

/* Begin PBXCopyFilesBuildPhase section */
		0A8930BD2A545A27005BEAA4 /* Embed Frameworks */ = {
			isa = PBXCopyFilesBuildPhase;
			buildActionMask = 2147483647;
			dstPath = "";
			dstSubfolderSpec = 10;
			files = (
				0A8930BC2A545A27005BEAA4 /* ModCommon.framework in Embed Frameworks */,
			);
			name = "Embed Frameworks";
			runOnlyForDeploymentPostprocessing = 0;
		};
/* End PBXCopyFilesBuildPhase section */

/* Begin PBXFileReference section */
		04EC0C847E0E6A49CFEC23A6 /* Pods-ModUserCenter.debug.xcconfig */ = {isa = PBXFileReference; includeInIndex = 1; lastKnownFileType = text.xcconfig; name = "Pods-ModUserCenter.debug.xcconfig"; path = "Target Support Files/Pods-ModUserCenter/Pods-ModUserCenter.debug.xcconfig"; sourceTree = "<group>"; };
		0A5348CA2A544EB900EDA4BF /* ModUserCenter.framework */ = {isa = PBXFileReference; explicitFileType = wrapper.framework; includeInIndex = 0; path = ModUserCenter.framework; sourceTree = BUILT_PRODUCTS_DIR; };
		0A534B062A54588E00EDA4BF /* Module.swift */ = {isa = PBXFileReference; fileEncoding = 4; lastKnownFileType = sourcecode.swift; path = Module.swift; sourceTree = "<group>"; };
		0A534B0E2A54588E00EDA4BF /* UserCenterViewController.swift */ = {isa = PBXFileReference; fileEncoding = 4; lastKnownFileType = sourcecode.swift; path = UserCenterViewController.swift; sourceTree = "<group>"; };
		0A8930BA2A545A27005BEAA4 /* ModCommon.framework */ = {isa = PBXFileReference; explicitFileType = wrapper.framework; path = ModCommon.framework; sourceTree = BUILT_PRODUCTS_DIR; };
		0A8930D72A545F39005BEAA4 /* zh-Hans */ = {isa = PBXFileReference; lastKnownFileType = text.plist.strings; name = "zh-Hans"; path = "zh-Hans.lproj/com.strings"; sourceTree = "<group>"; };
		0A8930D82A545F39005BEAA4 /* en */ = {isa = PBXFileReference; lastKnownFileType = text.plist.strings; name = en; path = en.lproj/com.strings; sourceTree = "<group>"; };
		0A8930D92A545F39005BEAA4 /* Assets.xcassets */ = {isa = PBXFileReference; lastKnownFileType = folder.assetcatalog; path = Assets.xcassets; sourceTree = "<group>"; };
		0A8930DA2A545F39005BEAA4 /* zh-Hant */ = {isa = PBXFileReference; lastKnownFileType = text.plist.strings; name = "zh-Hant"; path = "zh-Hant.lproj/com.strings"; sourceTree = "<group>"; };
		0A8930DB2A545F39005BEAA4 /* R.generated.swift */ = {isa = PBXFileReference; fileEncoding = 4; lastKnownFileType = sourcecode.swift; path = R.generated.swift; sourceTree = "<group>"; };
		3807AD8C9068E848258D253E /* Pods_ModUserCenter.framework */ = {isa = PBXFileReference; explicitFileType = wrapper.framework; includeInIndex = 0; path = Pods_ModUserCenter.framework; sourceTree = BUILT_PRODUCTS_DIR; };
		E4C65B77B16ACB5D329A2694 /* Pods-ModUserCenter.release.xcconfig */ = {isa = PBXFileReference; includeInIndex = 1; lastKnownFileType = text.xcconfig; name = "Pods-ModUserCenter.release.xcconfig"; path = "Target Support Files/Pods-ModUserCenter/Pods-ModUserCenter.release.xcconfig"; sourceTree = "<group>"; };
/* End PBXFileReference section */

/* Begin PBXFrameworksBuildPhase section */
		0A5348C72A544EB900EDA4BF /* Frameworks */ = {
			isa = PBXFrameworksBuildPhase;
			buildActionMask = 2147483647;
			files = (
				0A8930BB2A545A27005BEAA4 /* ModCommon.framework in Frameworks */,
				9A42627E98B92DE89AD9093D /* Pods_ModUserCenter.framework in Frameworks */,
			);
			runOnlyForDeploymentPostprocessing = 0;
		};
/* End PBXFrameworksBuildPhase section */

/* Begin PBXGroup section */
		0A5348C02A544EB900EDA4BF = {
			isa = PBXGroup;
			children = (
				0A5348CC2A544EB900EDA4BF /* ModUserCenter */,
				0A5348CB2A544EB900EDA4BF /* Products */,
				2E7A1B66A21C79A4246657CA /* Pods */,
				6643304B6A96311752B2DB56 /* Frameworks */,
			);
			sourceTree = "<group>";
		};
		0A5348CB2A544EB900EDA4BF /* Products */ = {
			isa = PBXGroup;
			children = (
				0A5348CA2A544EB900EDA4BF /* ModUserCenter.framework */,
			);
			name = Products;
			sourceTree = "<group>";
		};
		0A5348CC2A544EB900EDA4BF /* ModUserCenter */ = {
			isa = PBXGroup;
			children = (
				0A534B062A54588E00EDA4BF /* Module.swift */,
				0A534B0E2A54588E00EDA4BF /* UserCenterViewController.swift */,
				0A8930D52A545F39005BEAA4 /* Resources */,
			);
			path = ModUserCenter;
			sourceTree = "<group>";
		};
		0A8930D52A545F39005BEAA4 /* Resources */ = {
			isa = PBXGroup;
			children = (
				0A8930DB2A545F39005BEAA4 /* R.generated.swift */,
				0A8930D62A545F39005BEAA4 /* com.strings */,
				0A8930D92A545F39005BEAA4 /* Assets.xcassets */,
			);
			path = Resources;
			sourceTree = "<group>";
		};
		2E7A1B66A21C79A4246657CA /* Pods */ = {
			isa = PBXGroup;
			children = (
				04EC0C847E0E6A49CFEC23A6 /* Pods-ModUserCenter.debug.xcconfig */,
				E4C65B77B16ACB5D329A2694 /* Pods-ModUserCenter.release.xcconfig */,
			);
			name = Pods;
			path = ../../Pods;
			sourceTree = "<group>";
		};
		6643304B6A96311752B2DB56 /* Frameworks */ = {
			isa = PBXGroup;
			children = (
				0A8930BA2A545A27005BEAA4 /* ModCommon.framework */,
				3807AD8C9068E848258D253E /* Pods_ModUserCenter.framework */,
			);
			name = Frameworks;
			sourceTree = "<group>";
		};
/* End PBXGroup section */

/* Begin PBXHeadersBuildPhase section */
		0A5348C52A544EB900EDA4BF /* Headers */ = {
			isa = PBXHeadersBuildPhase;
			buildActionMask = 2147483647;
			files = (
			);
			runOnlyForDeploymentPostprocessing = 0;
		};
/* End PBXHeadersBuildPhase section */

/* Begin PBXNativeTarget section */
		0A5348C92A544EB900EDA4BF /* ModUserCenter */ = {
			isa = PBXNativeTarget;
			buildConfigurationList = 0A5348D12A544EB900EDA4BF /* Build configuration list for PBXNativeTarget "ModUserCenter" */;
			buildPhases = (
				2977780A826B1D9E5544CD5E /* [CP] Check Pods Manifest.lock */,
				0A5348C52A544EB900EDA4BF /* Headers */,
				0A534AE62A5456C300EDA4BF /* R.swift */,
				0A5348C62A544EB900EDA4BF /* Sources */,
				0A5348C72A544EB900EDA4BF /* Frameworks */,
				0A5348C82A544EB900EDA4BF /* Resources */,
				0A8930BD2A545A27005BEAA4 /* Embed Frameworks */,
			);
			buildRules = (
			);
			dependencies = (
			);
			name = ModUserCenter;
			productName = ModUserCenter;
			productReference = 0A5348CA2A544EB900EDA4BF /* ModUserCenter.framework */;
			productType = "com.apple.product-type.framework";
		};
/* End PBXNativeTarget section */

/* Begin PBXProject section */
		0A5348C12A544EB900EDA4BF /* Project object */ = {
			isa = PBXProject;
			attributes = {
				BuildIndependentTargetsInParallel = 1;
				LastUpgradeCheck = 1420;
				TargetAttributes = {
					0A5348C92A544EB900EDA4BF = {
						CreatedOnToolsVersion = 14.2;
						LastSwiftMigration = 1420;
					};
				};
			};
			buildConfigurationList = 0A5348C42A544EB900EDA4BF /* Build configuration list for PBXProject "ModUserCenter" */;
			compatibilityVersion = "Xcode 14.0";
			developmentRegion = en;
			hasScannedForEncodings = 0;
			knownRegions = (
				en,
				Base,
				"zh-Hans",
				"zh-Hant",
			);
			mainGroup = 0A5348C02A544EB900EDA4BF;
			productRefGroup = 0A5348CB2A544EB900EDA4BF /* Products */;
			projectDirPath = "";
			projectRoot = "";
			targets = (
				0A5348C92A544EB900EDA4BF /* ModUserCenter */,
			);
		};
/* End PBXProject section */

/* Begin PBXResourcesBuildPhase section */
		0A5348C82A544EB900EDA4BF /* Resources */ = {
			isa = PBXResourcesBuildPhase;
			buildActionMask = 2147483647;
			files = (
				0A8930DD2A545F39005BEAA4 /* Assets.xcassets in Resources */,
				0A8930DC2A545F39005BEAA4 /* com.strings in Resources */,
			);
			runOnlyForDeploymentPostprocessing = 0;
		};
/* End PBXResourcesBuildPhase section */

/* Begin PBXShellScriptBuildPhase section */
		0A534AE62A5456C300EDA4BF /* R.swift */ = {
			isa = PBXShellScriptBuildPhase;
			alwaysOutOfDate = 1;
			buildActionMask = 2147483647;
			files = (
			);
			inputFileListPaths = (
			);
			inputPaths = (
			);
			name = R.swift;
			outputFileListPaths = (
			);
			outputPaths = (
				$SRCROOT/$TARGET_NAME/Resources/R.generated.swift,
			);
			runOnlyForDeploymentPostprocessing = 0;
			shellPath = /bin/sh;
			shellScript = "\"$PODS_ROOT/R.swift/rswift\" generate \"$SRCROOT/$TARGET_NAME/Resources/R.generated.swift\" --generators image,string\n";
		};
		2977780A826B1D9E5544CD5E /* [CP] Check Pods Manifest.lock */ = {
			isa = PBXShellScriptBuildPhase;
			buildActionMask = 2147483647;
			files = (
			);
			inputFileListPaths = (
			);
			inputPaths = (
				"${PODS_PODFILE_DIR_PATH}/Podfile.lock",
				"${PODS_ROOT}/Manifest.lock",
			);
			name = "[CP] Check Pods Manifest.lock";
			outputFileListPaths = (
			);
			outputPaths = (
				"$(DERIVED_FILE_DIR)/Pods-ModUserCenter-checkManifestLockResult.txt",
			);
			runOnlyForDeploymentPostprocessing = 0;
			shellPath = /bin/sh;
			shellScript = "diff \"${PODS_PODFILE_DIR_PATH}/Podfile.lock\" \"${PODS_ROOT}/Manifest.lock\" > /dev/null\nif [ $? != 0 ] ; then\n    # print error to STDERR\n    echo \"error: The sandbox is not in sync with the Podfile.lock. Run 'pod install' or update your CocoaPods installation.\" >&2\n    exit 1\nfi\n# This output is used by Xcode 'outputs' to avoid re-running this script phase.\necho \"SUCCESS\" > \"${SCRIPT_OUTPUT_FILE_0}\"\n";
			showEnvVarsInLog = 0;
		};
/* End PBXShellScriptBuildPhase section */

/* Begin PBXSourcesBuildPhase section */
		0A5348C62A544EB900EDA4BF /* Sources */ = {
			isa = PBXSourcesBuildPhase;
			buildActionMask = 2147483647;
			files = (
				0A534B0F2A54588E00EDA4BF /* Module.swift in Sources */,
				0A534B132A54588E00EDA4BF /* UserCenterViewController.swift in Sources */,
				0A8930DE2A545F39005BEAA4 /* R.generated.swift in Sources */,
			);
			runOnlyForDeploymentPostprocessing = 0;
		};
/* End PBXSourcesBuildPhase section */

/* Begin PBXVariantGroup section */
		0A8930D62A545F39005BEAA4 /* com.strings */ = {
			isa = PBXVariantGroup;
			children = (
				0A8930D72A545F39005BEAA4 /* zh-Hans */,
				0A8930D82A545F39005BEAA4 /* en */,
				0A8930DA2A545F39005BEAA4 /* zh-Hant */,
			);
			name = com.strings;
			sourceTree = "<group>";
		};
/* End PBXVariantGroup section */

/* Begin XCBuildConfiguration section */
		0A5348CF2A544EB900EDA4BF /* Debug */ = {
			isa = XCBuildConfiguration;
			buildSettings = {
				ALWAYS_SEARCH_USER_PATHS = NO;
				CLANG_ANALYZER_NONNULL = YES;
				CLANG_ANALYZER_NUMBER_OBJECT_CONVERSION = YES_AGGRESSIVE;
				CLANG_CXX_LANGUAGE_STANDARD = "gnu++20";
				CLANG_ENABLE_MODULES = YES;
				CLANG_ENABLE_OBJC_ARC = YES;
				CLANG_ENABLE_OBJC_WEAK = YES;
				CLANG_WARN_BLOCK_CAPTURE_AUTORELEASING = YES;
				CLANG_WARN_BOOL_CONVERSION = YES;
				CLANG_WARN_COMMA = YES;
				CLANG_WARN_CONSTANT_CONVERSION = YES;
				CLANG_WARN_DEPRECATED_OBJC_IMPLEMENTATIONS = YES;
				CLANG_WARN_DIRECT_OBJC_ISA_USAGE = YES_ERROR;
				CLANG_WARN_DOCUMENTATION_COMMENTS = YES;
				CLANG_WARN_EMPTY_BODY = YES;
				CLANG_WARN_ENUM_CONVERSION = YES;
				CLANG_WARN_INFINITE_RECURSION = YES;
				CLANG_WARN_INT_CONVERSION = YES;
				CLANG_WARN_NON_LITERAL_NULL_CONVERSION = YES;
				CLANG_WARN_OBJC_IMPLICIT_RETAIN_SELF = YES;
				CLANG_WARN_OBJC_LITERAL_CONVERSION = YES;
				CLANG_WARN_OBJC_ROOT_CLASS = YES_ERROR;
				CLANG_WARN_QUOTED_INCLUDE_IN_FRAMEWORK_HEADER = YES;
				CLANG_WARN_RANGE_LOOP_ANALYSIS = YES;
				CLANG_WARN_STRICT_PROTOTYPES = YES;
				CLANG_WARN_SUSPICIOUS_MOVE = YES;
				CLANG_WARN_UNGUARDED_AVAILABILITY = YES_AGGRESSIVE;
				CLANG_WARN_UNREACHABLE_CODE = YES;
				CLANG_WARN__DUPLICATE_METHOD_MATCH = YES;
				COPY_PHASE_STRIP = NO;
				CURRENT_PROJECT_VERSION = 1;
				DEBUG_INFORMATION_FORMAT = dwarf;
				ENABLE_STRICT_OBJC_MSGSEND = YES;
				ENABLE_TESTABILITY = YES;
				GCC_C_LANGUAGE_STANDARD = gnu11;
				GCC_DYNAMIC_NO_PIC = NO;
				GCC_NO_COMMON_BLOCKS = YES;
				GCC_OPTIMIZATION_LEVEL = 0;
				GCC_PREPROCESSOR_DEFINITIONS = (
					"DEBUG=1",
					"$(inherited)",
				);
				GCC_WARN_64_TO_32_BIT_CONVERSION = YES;
				GCC_WARN_ABOUT_RETURN_TYPE = YES_ERROR;
				GCC_WARN_UNDECLARED_SELECTOR = YES;
				GCC_WARN_UNINITIALIZED_AUTOS = YES_AGGRESSIVE;
				GCC_WARN_UNUSED_FUNCTION = YES;
				GCC_WARN_UNUSED_VARIABLE = YES;
				IPHONEOS_DEPLOYMENT_TARGET = 16.2;
				MTL_ENABLE_DEBUG_INFO = INCLUDE_SOURCE;
				MTL_FAST_MATH = YES;
				ONLY_ACTIVE_ARCH = YES;
				SDKROOT = iphoneos;
				SWIFT_ACTIVE_COMPILATION_CONDITIONS = DEBUG;
				SWIFT_OPTIMIZATION_LEVEL = "-Onone";
				VERSIONING_SYSTEM = "apple-generic";
				VERSION_INFO_PREFIX = "";
			};
			name = Debug;
		};
		0A5348D02A544EB900EDA4BF /* Release */ = {
			isa = XCBuildConfiguration;
			buildSettings = {
				ALWAYS_SEARCH_USER_PATHS = NO;
				CLANG_ANALYZER_NONNULL = YES;
				CLANG_ANALYZER_NUMBER_OBJECT_CONVERSION = YES_AGGRESSIVE;
				CLANG_CXX_LANGUAGE_STANDARD = "gnu++20";
				CLANG_ENABLE_MODULES = YES;
				CLANG_ENABLE_OBJC_ARC = YES;
				CLANG_ENABLE_OBJC_WEAK = YES;
				CLANG_WARN_BLOCK_CAPTURE_AUTORELEASING = YES;
				CLANG_WARN_BOOL_CONVERSION = YES;
				CLANG_WARN_COMMA = YES;
				CLANG_WARN_CONSTANT_CONVERSION = YES;
				CLANG_WARN_DEPRECATED_OBJC_IMPLEMENTATIONS = YES;
				CLANG_WARN_DIRECT_OBJC_ISA_USAGE = YES_ERROR;
				CLANG_WARN_DOCUMENTATION_COMMENTS = YES;
				CLANG_WARN_EMPTY_BODY = YES;
				CLANG_WARN_ENUM_CONVERSION = YES;
				CLANG_WARN_INFINITE_RECURSION = YES;
				CLANG_WARN_INT_CONVERSION = YES;
				CLANG_WARN_NON_LITERAL_NULL_CONVERSION = YES;
				CLANG_WARN_OBJC_IMPLICIT_RETAIN_SELF = YES;
				CLANG_WARN_OBJC_LITERAL_CONVERSION = YES;
				CLANG_WARN_OBJC_ROOT_CLASS = YES_ERROR;
				CLANG_WARN_QUOTED_INCLUDE_IN_FRAMEWORK_HEADER = YES;
				CLANG_WARN_RANGE_LOOP_ANALYSIS = YES;
				CLANG_WARN_STRICT_PROTOTYPES = YES;
				CLANG_WARN_SUSPICIOUS_MOVE = YES;
				CLANG_WARN_UNGUARDED_AVAILABILITY = YES_AGGRESSIVE;
				CLANG_WARN_UNREACHABLE_CODE = YES;
				CLANG_WARN__DUPLICATE_METHOD_MATCH = YES;
				COPY_PHASE_STRIP = NO;
				CURRENT_PROJECT_VERSION = 1;
				DEBUG_INFORMATION_FORMAT = "dwarf-with-dsym";
				ENABLE_NS_ASSERTIONS = NO;
				ENABLE_STRICT_OBJC_MSGSEND = YES;
				GCC_C_LANGUAGE_STANDARD = gnu11;
				GCC_NO_COMMON_BLOCKS = YES;
				GCC_WARN_64_TO_32_BIT_CONVERSION = YES;
				GCC_WARN_ABOUT_RETURN_TYPE = YES_ERROR;
				GCC_WARN_UNDECLARED_SELECTOR = YES;
				GCC_WARN_UNINITIALIZED_AUTOS = YES_AGGRESSIVE;
				GCC_WARN_UNUSED_FUNCTION = YES;
				GCC_WARN_UNUSED_VARIABLE = YES;
				IPHONEOS_DEPLOYMENT_TARGET = 16.2;
				MTL_ENABLE_DEBUG_INFO = NO;
				MTL_FAST_MATH = YES;
				SDKROOT = iphoneos;
				SWIFT_COMPILATION_MODE = wholemodule;
				SWIFT_OPTIMIZATION_LEVEL = "-O";
				VALIDATE_PRODUCT = YES;
				VERSIONING_SYSTEM = "apple-generic";
				VERSION_INFO_PREFIX = "";
			};
			name = Release;
		};
		0A5348D22A544EB900EDA4BF /* Debug */ = {
			isa = XCBuildConfiguration;
			baseConfigurationReference = 04EC0C847E0E6A49CFEC23A6 /* Pods-ModUserCenter.debug.xcconfig */;
			buildSettings = {
				CLANG_ENABLE_MODULES = YES;
				CODE_SIGN_STYLE = Automatic;
				CURRENT_PROJECT_VERSION = 1;
				DEFINES_MODULE = YES;
				DEVELOPMENT_TEAM = FYWZKKC62C;
				DYLIB_COMPATIBILITY_VERSION = 1;
				DYLIB_CURRENT_VERSION = 1;
				DYLIB_INSTALL_NAME_BASE = "@rpath";
				GENERATE_INFOPLIST_FILE = YES;
				INFOPLIST_KEY_NSHumanReadableCopyright = "";
				INSTALL_PATH = "$(LOCAL_LIBRARY_DIR)/Frameworks";
				IPHONEOS_DEPLOYMENT_TARGET = 15.0;
				LD_RUNPATH_SEARCH_PATHS = (
					"$(inherited)",
					"@executable_path/Frameworks",
					"@loader_path/Frameworks",
				);
				MARKETING_VERSION = 1.0;
				PRODUCT_BUNDLE_IDENTIFIER = com.hi.ModUserCenter;
				PRODUCT_NAME = "$(TARGET_NAME:c99extidentifier)";
				SKIP_INSTALL = YES;
				SWIFT_EMIT_LOC_STRINGS = YES;
				SWIFT_OPTIMIZATION_LEVEL = "-Onone";
				SWIFT_VERSION = 5.0;
				TARGETED_DEVICE_FAMILY = "1,2";
			};
			name = Debug;
		};
		0A5348D32A544EB900EDA4BF /* Release */ = {
			isa = XCBuildConfiguration;
			baseConfigurationReference = E4C65B77B16ACB5D329A2694 /* Pods-ModUserCenter.release.xcconfig */;
			buildSettings = {
				CLANG_ENABLE_MODULES = YES;
				CODE_SIGN_STYLE = Automatic;
				CURRENT_PROJECT_VERSION = 1;
				DEFINES_MODULE = YES;
				DEVELOPMENT_TEAM = FYWZKKC62C;
				DYLIB_COMPATIBILITY_VERSION = 1;
				DYLIB_CURRENT_VERSION = 1;
				DYLIB_INSTALL_NAME_BASE = "@rpath";
				GENERATE_INFOPLIST_FILE = YES;
				INFOPLIST_KEY_NSHumanReadableCopyright = "";
				INSTALL_PATH = "$(LOCAL_LIBRARY_DIR)/Frameworks";
				IPHONEOS_DEPLOYMENT_TARGET = 15.0;
				LD_RUNPATH_SEARCH_PATHS = (
					"$(inherited)",
					"@executable_path/Frameworks",
					"@loader_path/Frameworks",
				);
				MARKETING_VERSION = 1.0;
				PRODUCT_BUNDLE_IDENTIFIER = com.hi.ModUserCenter;
				PRODUCT_NAME = "$(TARGET_NAME:c99extidentifier)";
				SKIP_INSTALL = YES;
				SWIFT_EMIT_LOC_STRINGS = YES;
				SWIFT_VERSION = 5.0;
				TARGETED_DEVICE_FAMILY = "1,2";
			};
			name = Release;
		};
/* End XCBuildConfiguration section */

/* Begin XCConfigurationList section */
		0A5348C42A544EB900EDA4BF /* Build configuration list for PBXProject "ModUserCenter" */ = {
			isa = XCConfigurationList;
			buildConfigurations = (
				0A5348CF2A544EB900EDA4BF /* Debug */,
				0A5348D02A544EB900EDA4BF /* Release */,
			);
			defaultConfigurationIsVisible = 0;
			defaultConfigurationName = Release;
		};
		0A5348D12A544EB900EDA4BF /* Build configuration list for PBXNativeTarget "ModUserCenter" */ = {
			isa = XCConfigurationList;
			buildConfigurations = (
				0A5348D22A544EB900EDA4BF /* Debug */,
				0A5348D32A544EB900EDA4BF /* Release */,
			);
			defaultConfigurationIsVisible = 0;
			defaultConfigurationName = Release;
		};
/* End XCConfigurationList section */
	};
	rootObject = 0A5348C12A544EB900EDA4BF /* Project object */;
}
